// !$*UTF8*$!
{
	archiveVersion = 1;
	classes = {
	};
	objectVersion = 55;
	objects = {

/* Begin PBXBuildFile section */
		21071C26284367BF007C7DC4 /* HabitCalendar.swift in Sources */ = {isa = PBXBuildFile; fileRef = 21071C25284367BF007C7DC4 /* HabitCalendar.swift */; };
		211040742845ED7B00DC1D17 /* HomeViewViewModel.swift in Sources */ = {isa = PBXBuildFile; fileRef = 211040732845ED7B00DC1D17 /* HomeViewViewModel.swift */; };
		211F447A28705D630050124B /* Activity.swift in Sources */ = {isa = PBXBuildFile; fileRef = 211F447928705D630050124B /* Activity.swift */; };
		2128011A2845C23A00D24C35 /* CalendarView.swift in Sources */ = {isa = PBXBuildFile; fileRef = 212801192845C23A00D24C35 /* CalendarView.swift */; };
		2128011C2845C69100D24C35 /* BaseCalendarView.swift in Sources */ = {isa = PBXBuildFile; fileRef = 2128011B2845C69100D24C35 /* BaseCalendarView.swift */; };
		2128011E2845C80C00D24C35 /* CalendarViewViewModel.swift in Sources */ = {isa = PBXBuildFile; fileRef = 2128011D2845C80C00D24C35 /* CalendarViewViewModel.swift */; };
		2138AF2C28533D7E0055072E /* PasswordResetViewModel.swift in Sources */ = {isa = PBXBuildFile; fileRef = 2138AF2B28533D7E0055072E /* PasswordResetViewModel.swift */; };
		2138AF2E28537DC20055072E /* HabitRowView.swift in Sources */ = {isa = PBXBuildFile; fileRef = 2138AF2D28537DC20055072E /* HabitRowView.swift */; };
		213C5CC42833A56700ACB95F /* SignUpViewModel.swift in Sources */ = {isa = PBXBuildFile; fileRef = 213C5CC32833A56700ACB95F /* SignUpViewModel.swift */; };
		213CCE5E2869C25A0009B8D1 /* CustomStepper.swift in Sources */ = {isa = PBXBuildFile; fileRef = 213CCE5D2869C25A0009B8D1 /* CustomStepper.swift */; };
		214E32A52868788B00A47452 /* View+Background.swift in Sources */ = {isa = PBXBuildFile; fileRef = 214E32A42868788B00A47452 /* View+Background.swift */; };
		214F41C7282131EA00A9D696 /* GoogleSignInButton.swift in Sources */ = {isa = PBXBuildFile; fileRef = 214F41C6282131EA00A9D696 /* GoogleSignInButton.swift */; };
		214F41CB2821417A00A9D696 /* PasswordResetView.swift in Sources */ = {isa = PBXBuildFile; fileRef = 214F41CA2821417A00A9D696 /* PasswordResetView.swift */; };
		215249622844F53F00FDA66E /* JournalEntryView.swift in Sources */ = {isa = PBXBuildFile; fileRef = 215249612844F53F00FDA66E /* JournalEntryView.swift */; };
		215249642845021900FDA66E /* RatingView.swift in Sources */ = {isa = PBXBuildFile; fileRef = 215249632845021900FDA66E /* RatingView.swift */; };
		215249662845027800FDA66E /* JournalEntry.swift in Sources */ = {isa = PBXBuildFile; fileRef = 215249652845027800FDA66E /* JournalEntry.swift */; };
		215249682845029600FDA66E /* JournalEntryViewViewModel.swift in Sources */ = {isa = PBXBuildFile; fileRef = 215249672845029600FDA66E /* JournalEntryViewViewModel.swift */; };
		2152496A2845042200FDA66E /* HabitCalendarViewModel.swift in Sources */ = {isa = PBXBuildFile; fileRef = 215249692845042200FDA66E /* HabitCalendarViewModel.swift */; };
		2152496C2845049A00FDA66E /* DateValue.swift in Sources */ = {isa = PBXBuildFile; fileRef = 2152496B2845049A00FDA66E /* DateValue.swift */; };
		2152496F28450EF200FDA66E /* Date+isEqual.swift in Sources */ = {isa = PBXBuildFile; fileRef = 2152496E28450EF200FDA66E /* Date+isEqual.swift */; };
		2166708A28686FD700EE7F4D /* LongButton.swift in Sources */ = {isa = PBXBuildFile; fileRef = 2166708928686FD700EE7F4D /* LongButton.swift */; };
		218B7458284206B000F55A21 /* Habit.swift in Sources */ = {isa = PBXBuildFile; fileRef = 218B7457284206B000F55A21 /* Habit.swift */; };
		21A182BB28E304D0001DE8F0 /* FirebaseAuthInterop.xcframework in Frameworks */ = {isa = PBXBuildFile; fileRef = 21A182B428E304CD001DE8F0 /* FirebaseAuthInterop.xcframework */; };
		21A182BC28E304D0001DE8F0 /* FirebaseCoreExtension.xcframework in Frameworks */ = {isa = PBXBuildFile; fileRef = 21A182B528E304CE001DE8F0 /* FirebaseCoreExtension.xcframework */; };
		21A182BD28E304D0001DE8F0 /* FirebaseMessagingInterop.xcframework in Frameworks */ = {isa = PBXBuildFile; fileRef = 21A182B628E304CE001DE8F0 /* FirebaseMessagingInterop.xcframework */; };
		21A182BE28E304D0001DE8F0 /* GTMSessionFetcher.xcframework in Frameworks */ = {isa = PBXBuildFile; fileRef = 21A182B728E304CE001DE8F0 /* GTMSessionFetcher.xcframework */; };
		21A182BF28E304D0001DE8F0 /* FirebaseAppCheckInterop.xcframework in Frameworks */ = {isa = PBXBuildFile; fileRef = 21A182B828E304CF001DE8F0 /* FirebaseAppCheckInterop.xcframework */; };
		21A182C028E304D0001DE8F0 /* FirebaseSharedSwift.xcframework in Frameworks */ = {isa = PBXBuildFile; fileRef = 21A182B928E304CF001DE8F0 /* FirebaseSharedSwift.xcframework */; };
		21A182C128E304D0001DE8F0 /* FirebaseFunctions.xcframework in Frameworks */ = {isa = PBXBuildFile; fileRef = 21A182BA28E304D0001DE8F0 /* FirebaseFunctions.xcframework */; };
		21A182CC28E30693001DE8F0 /* FirebaseFirestore.xcframework in Frameworks */ = {isa = PBXBuildFile; fileRef = 21A182C428E30684001DE8F0 /* FirebaseFirestore.xcframework */; };
		21A182CD28E30693001DE8F0 /* leveldb-library.xcframework in Frameworks */ = {isa = PBXBuildFile; fileRef = 21A182C528E30684001DE8F0 /* leveldb-library.xcframework */; };
		21A182CE28E30693001DE8F0 /* gRPC-C++.xcframework in Frameworks */ = {isa = PBXBuildFile; fileRef = 21A182C628E30686001DE8F0 /* gRPC-C++.xcframework */; };
		21A182CF28E30693001DE8F0 /* gRPC-Core.xcframework in Frameworks */ = {isa = PBXBuildFile; fileRef = 21A182C728E3068C001DE8F0 /* gRPC-Core.xcframework */; };
		21A182D028E30693001DE8F0 /* FirebaseFirestoreSwift.xcframework in Frameworks */ = {isa = PBXBuildFile; fileRef = 21A182C828E3068D001DE8F0 /* FirebaseFirestoreSwift.xcframework */; };
		21A182D128E30693001DE8F0 /* BoringSSL-GRPC.xcframework in Frameworks */ = {isa = PBXBuildFile; fileRef = 21A182C928E3068F001DE8F0 /* BoringSSL-GRPC.xcframework */; };
		21A182D228E30693001DE8F0 /* Libuv-gRPC.xcframework in Frameworks */ = {isa = PBXBuildFile; fileRef = 21A182CA28E30690001DE8F0 /* Libuv-gRPC.xcframework */; };
		21A182D328E30693001DE8F0 /* abseil.xcframework in Frameworks */ = {isa = PBXBuildFile; fileRef = 21A182CB28E30693001DE8F0 /* abseil.xcframework */; };
		21A182D528E306E1001DE8F0 /* gRPCCertificates-Cpp.bundle in Resources */ = {isa = PBXBuildFile; fileRef = 21A182D428E306E1001DE8F0 /* gRPCCertificates-Cpp.bundle */; };
		21A182E228E30830001DE8F0 /* FirebaseCoreDiagnostics.xcframework in Frameworks */ = {isa = PBXBuildFile; fileRef = 21A182D628E30829001DE8F0 /* FirebaseCoreDiagnostics.xcframework */; };
		21A182E328E30830001DE8F0 /* FirebaseAnalytics.xcframework in Frameworks */ = {isa = PBXBuildFile; fileRef = 21A182D728E30829001DE8F0 /* FirebaseAnalytics.xcframework */; };
		21A182E428E30830001DE8F0 /* FirebaseInstallations.xcframework in Frameworks */ = {isa = PBXBuildFile; fileRef = 21A182D828E3082A001DE8F0 /* FirebaseInstallations.xcframework */; };
		21A182E528E30830001DE8F0 /* GoogleAppMeasurement.xcframework in Frameworks */ = {isa = PBXBuildFile; fileRef = 21A182D928E3082C001DE8F0 /* GoogleAppMeasurement.xcframework */; };
		21A182E628E30830001DE8F0 /* GoogleDataTransport.xcframework in Frameworks */ = {isa = PBXBuildFile; fileRef = 21A182DA28E3082C001DE8F0 /* GoogleDataTransport.xcframework */; };
		21A182E728E30830001DE8F0 /* GoogleUtilities.xcframework in Frameworks */ = {isa = PBXBuildFile; fileRef = 21A182DB28E3082D001DE8F0 /* GoogleUtilities.xcframework */; };
		21A182E828E30830001DE8F0 /* FirebaseAnalyticsSwift.xcframework in Frameworks */ = {isa = PBXBuildFile; fileRef = 21A182DC28E3082D001DE8F0 /* FirebaseAnalyticsSwift.xcframework */; };
		21A182E928E30830001DE8F0 /* nanopb.xcframework in Frameworks */ = {isa = PBXBuildFile; fileRef = 21A182DD28E3082E001DE8F0 /* nanopb.xcframework */; };
		21A182EA28E30830001DE8F0 /* FirebaseCoreInternal.xcframework in Frameworks */ = {isa = PBXBuildFile; fileRef = 21A182DE28E3082E001DE8F0 /* FirebaseCoreInternal.xcframework */; };
		21A182EB28E30830001DE8F0 /* FirebaseCore.xcframework in Frameworks */ = {isa = PBXBuildFile; fileRef = 21A182DF28E3082F001DE8F0 /* FirebaseCore.xcframework */; };
		21A182EC28E30830001DE8F0 /* GoogleAppMeasurementIdentitySupport.xcframework in Frameworks */ = {isa = PBXBuildFile; fileRef = 21A182E028E3082F001DE8F0 /* GoogleAppMeasurementIdentitySupport.xcframework */; };
		21A182ED28E30830001DE8F0 /* FBLPromises.xcframework in Frameworks */ = {isa = PBXBuildFile; fileRef = 21A182E128E30830001DE8F0 /* FBLPromises.xcframework */; };
		21A182EF28E3089A001DE8F0 /* FirebaseAuth.xcframework in Frameworks */ = {isa = PBXBuildFile; fileRef = 21A182EE28E3089A001DE8F0 /* FirebaseAuth.xcframework */; };
		21A91B8D286AE939006FA005 /* JournalDetails.swift in Sources */ = {isa = PBXBuildFile; fileRef = 21A91B8C286AE939006FA005 /* JournalDetails.swift */; };
		21A91B8F286B05D4006FA005 /* CustomDivider.swift in Sources */ = {isa = PBXBuildFile; fileRef = 21A91B8E286B05D4006FA005 /* CustomDivider.swift */; };
		21AC33D62821494800A79F7B /* LoginViewModel.swift in Sources */ = {isa = PBXBuildFile; fileRef = 21AC33D52821494800A79F7B /* LoginViewModel.swift */; };
		21B6285F280AC4B900E3FC49 /* Habit_TrackerApp.swift in Sources */ = {isa = PBXBuildFile; fileRef = 21B6285E280AC4B900E3FC49 /* Habit_TrackerApp.swift */; };
		21B62863280AC4BB00E3FC49 /* Assets.xcassets in Resources */ = {isa = PBXBuildFile; fileRef = 21B62862280AC4BB00E3FC49 /* Assets.xcassets */; };
		21B62866280AC4BB00E3FC49 /* Preview Assets.xcassets in Resources */ = {isa = PBXBuildFile; fileRef = 21B62865280AC4BB00E3FC49 /* Preview Assets.xcassets */; };
		21B62870280AC4BB00E3FC49 /* Habit_TrackerTests.swift in Sources */ = {isa = PBXBuildFile; fileRef = 21B6286F280AC4BB00E3FC49 /* Habit_TrackerTests.swift */; };
		21B6287A280AC4BB00E3FC49 /* Habit_TrackerUITests.swift in Sources */ = {isa = PBXBuildFile; fileRef = 21B62879280AC4BB00E3FC49 /* Habit_TrackerUITests.swift */; };
		21B6287C280AC4BB00E3FC49 /* Habit_TrackerUITestsLaunchTests.swift in Sources */ = {isa = PBXBuildFile; fileRef = 21B6287B280AC4BB00E3FC49 /* Habit_TrackerUITestsLaunchTests.swift */; };
		21B62889280AC65A00E3FC49 /* GoogleService-Info.plist in Resources */ = {isa = PBXBuildFile; fileRef = 21B62888280AC65A00E3FC49 /* GoogleService-Info.plist */; };
		21B62898280AD1E300E3FC49 /* LoginView.swift in Sources */ = {isa = PBXBuildFile; fileRef = 21B62897280AD1E300E3FC49 /* LoginView.swift */; };
		21B6289A280ADA7F00E3FC49 /* UserSession.swift in Sources */ = {isa = PBXBuildFile; fileRef = 21B62899280ADA7F00E3FC49 /* UserSession.swift */; };
		21B6289C280ADD9400E3FC49 /* SignUpView.swift in Sources */ = {isa = PBXBuildFile; fileRef = 21B6289B280ADD9400E3FC49 /* SignUpView.swift */; };
		21B6289E280AE09A00E3FC49 /* FirebaseUser.swift in Sources */ = {isa = PBXBuildFile; fileRef = 21B6289D280AE09900E3FC49 /* FirebaseUser.swift */; };
		21BD7CAF284B50D100A9A8B2 /* EditHabitView.swift in Sources */ = {isa = PBXBuildFile; fileRef = 21BD7CAE284B50D100A9A8B2 /* EditHabitView.swift */; };
		21BD7CB1284B630300A9A8B2 /* EditHabitViewViewModel.swift in Sources */ = {isa = PBXBuildFile; fileRef = 21BD7CB0284B630300A9A8B2 /* EditHabitViewViewModel.swift */; };
		21C16C032847731100502804 /* DayHistoryView.swift in Sources */ = {isa = PBXBuildFile; fileRef = 21C16C022847731100502804 /* DayHistoryView.swift */; };
		21C16C0528478F3400502804 /* DayHistoryViewViewModel.swift in Sources */ = {isa = PBXBuildFile; fileRef = 21C16C0428478F3400502804 /* DayHistoryViewViewModel.swift */; };
		21CCA1C9286F17AD0052D260 /* View+ActionNotification.swift in Sources */ = {isa = PBXBuildFile; fileRef = 21CCA1C8286F17AD0052D260 /* View+ActionNotification.swift */; };
		21DA7F76283B592700E43E4C /* HomeView.swift in Sources */ = {isa = PBXBuildFile; fileRef = 21DA7F75283B592700E43E4C /* HomeView.swift */; };
		21DA7F78283B90B800E43E4C /* MainView.swift in Sources */ = {isa = PBXBuildFile; fileRef = 21DA7F77283B90B800E43E4C /* MainView.swift */; };
		21DA7F7B283B92EF00E43E4C /* AddView.swift in Sources */ = {isa = PBXBuildFile; fileRef = 21DA7F7A283B92EF00E43E4C /* AddView.swift */; };
		21DA7F7D283B942200E43E4C /* CustomTabBar.swift in Sources */ = {isa = PBXBuildFile; fileRef = 21DA7F7C283B942200E43E4C /* CustomTabBar.swift */; };
		21DA7F7F283B94AD00E43E4C /* Tab.swift in Sources */ = {isa = PBXBuildFile; fileRef = 21DA7F7E283B94AD00E43E4C /* Tab.swift */; };
		21DDF03D283122AD00FE8DAC /* ErrorDetails.swift in Sources */ = {isa = PBXBuildFile; fileRef = 21DDF03C283122AD00FE8DAC /* ErrorDetails.swift */; };
		21E516AF286C0D3C003832C3 /* InputFieldChecks.swift in Sources */ = {isa = PBXBuildFile; fileRef = 21E516AE286C0D3B003832C3 /* InputFieldChecks.swift */; };
		21E516B1286C15A1003832C3 /* NavigationArrowIndicator.swift in Sources */ = {isa = PBXBuildFile; fileRef = 21E516B0286C15A1003832C3 /* NavigationArrowIndicator.swift */; };
		21E516B3286C3CDA003832C3 /* ActionNotificationBar.swift in Sources */ = {isa = PBXBuildFile; fileRef = 21E516B2286C3CDA003832C3 /* ActionNotificationBar.swift */; };
		21E61908283D0287007F42DC /* AddViewViewModel.swift in Sources */ = {isa = PBXBuildFile; fileRef = 21E61907283D0287007F42DC /* AddViewViewModel.swift */; };
		21E6190A283D089B007F42DC /* Day.swift in Sources */ = {isa = PBXBuildFile; fileRef = 21E61909283D089B007F42DC /* Day.swift */; };
		21E6190C283D0A8D007F42DC /* DayPickerView.swift in Sources */ = {isa = PBXBuildFile; fileRef = 21E6190B283D0A8D007F42DC /* DayPickerView.swift */; };
		21E937712850ADEC00D041F8 /* MockCalendarService.swift in Sources */ = {isa = PBXBuildFile; fileRef = 21E937702850ADEC00D041F8 /* MockCalendarService.swift */; };
		21E937772850AEE400D041F8 /* CalendarService.swift in Sources */ = {isa = PBXBuildFile; fileRef = 21E937762850AEE400D041F8 /* CalendarService.swift */; };
		21E9377B2850B40000D041F8 /* FirebaseUserTests.swift in Sources */ = {isa = PBXBuildFile; fileRef = 21E9377A2850B40000D041F8 /* FirebaseUserTests.swift */; };
		21E9377D2850B60600D041F8 /* DayTests.swift in Sources */ = {isa = PBXBuildFile; fileRef = 21E9377C2850B60600D041F8 /* DayTests.swift */; };
		21E9377F2850BA1D00D041F8 /* HabitTests.swift in Sources */ = {isa = PBXBuildFile; fileRef = 21E9377E2850BA1D00D041F8 /* HabitTests.swift */; };
		21EB0CAE287D0F8D009CDDC6 /* View+InputFieldHeader.swift in Sources */ = {isa = PBXBuildFile; fileRef = 21EB0CAD287D0F8C009CDDC6 /* View+InputFieldHeader.swift */; };
		21EB0CB0287D816E009CDDC6 /* LoginViewUITests.swift in Sources */ = {isa = PBXBuildFile; fileRef = 21EB0CAF287D816E009CDDC6 /* LoginViewUITests.swift */; };
		21EE77CD2859F46D007DB59D /* HighlightCard.swift in Sources */ = {isa = PBXBuildFile; fileRef = 21EE77CC2859F46D007DB59D /* HighlightCard.swift */; };
		21EE77CF2859F4A2007DB59D /* BasicShadow.swift in Sources */ = {isa = PBXBuildFile; fileRef = 21EE77CE2859F4A2007DB59D /* BasicShadow.swift */; };
		21EE77D32859FCD6007DB59D /* ActivityDeleteButton.swift in Sources */ = {isa = PBXBuildFile; fileRef = 21EE77D22859FCD6007DB59D /* ActivityDeleteButton.swift */; };
		21EE77D52859FCFA007DB59D /* WhiteBoxTextFieldStyle.swift in Sources */ = {isa = PBXBuildFile; fileRef = 21EE77D42859FCFA007DB59D /* WhiteBoxTextFieldStyle.swift */; };
		21EE866C28520A620028F726 /* InputField.swift in Sources */ = {isa = PBXBuildFile; fileRef = 21EE866B28520A620028F726 /* InputField.swift */; };
		21EE866E2852162E0028F726 /* TextStyles.swift in Sources */ = {isa = PBXBuildFile; fileRef = 21EE866D2852162E0028F726 /* TextStyles.swift */; };
		21F2F8D42854864A00F517F0 /* Color+CustomColours.swift in Sources */ = {isa = PBXBuildFile; fileRef = 21F2F8D32854864A00F517F0 /* Color+CustomColours.swift */; };
		21F2F8D828548E4700F517F0 /* Constants.swift in Sources */ = {isa = PBXBuildFile; fileRef = 21F2F8D728548E4700F517F0 /* Constants.swift */; };
		21F2F8DA2854A91000F517F0 /* RowLoadingView.swift in Sources */ = {isa = PBXBuildFile; fileRef = 21F2F8D92854A91000F517F0 /* RowLoadingView.swift */; };
/* End PBXBuildFile section */

/* Begin PBXContainerItemProxy section */
		21B62876280AC4BB00E3FC49 /* PBXContainerItemProxy */ = {
			isa = PBXContainerItemProxy;
			containerPortal = 21B62853280AC4B800E3FC49 /* Project object */;
			proxyType = 1;
			remoteGlobalIDString = 21B6285A280AC4B800E3FC49;
			remoteInfo = "Habit Tracker";
		};
		21E937782850B2AB00D041F8 /* PBXContainerItemProxy */ = {
			isa = PBXContainerItemProxy;
			containerPortal = 21B62853280AC4B800E3FC49 /* Project object */;
			proxyType = 1;
			remoteGlobalIDString = 21B6285A280AC4B800E3FC49;
			remoteInfo = "Habit Tracker";
		};
/* End PBXContainerItemProxy section */

/* Begin PBXFileReference section */
		21071C25284367BF007C7DC4 /* HabitCalendar.swift */ = {isa = PBXFileReference; lastKnownFileType = sourcecode.swift; path = HabitCalendar.swift; sourceTree = "<group>"; };
		211040732845ED7B00DC1D17 /* HomeViewViewModel.swift */ = {isa = PBXFileReference; lastKnownFileType = sourcecode.swift; path = HomeViewViewModel.swift; sourceTree = "<group>"; };
		211F447928705D630050124B /* Activity.swift */ = {isa = PBXFileReference; lastKnownFileType = sourcecode.swift; path = Activity.swift; sourceTree = "<group>"; };
		212801192845C23A00D24C35 /* CalendarView.swift */ = {isa = PBXFileReference; lastKnownFileType = sourcecode.swift; path = CalendarView.swift; sourceTree = "<group>"; };
		2128011B2845C69100D24C35 /* BaseCalendarView.swift */ = {isa = PBXFileReference; lastKnownFileType = sourcecode.swift; path = BaseCalendarView.swift; sourceTree = "<group>"; };
		2128011D2845C80C00D24C35 /* CalendarViewViewModel.swift */ = {isa = PBXFileReference; lastKnownFileType = sourcecode.swift; name = CalendarViewViewModel.swift; path = "Habit Tracker/Views/Calendar/CalendarViewViewModel.swift"; sourceTree = SOURCE_ROOT; };
		2138AF2B28533D7E0055072E /* PasswordResetViewModel.swift */ = {isa = PBXFileReference; lastKnownFileType = sourcecode.swift; path = PasswordResetViewModel.swift; sourceTree = "<group>"; };
		2138AF2D28537DC20055072E /* HabitRowView.swift */ = {isa = PBXFileReference; lastKnownFileType = sourcecode.swift; path = HabitRowView.swift; sourceTree = "<group>"; };
		213C5CC32833A56700ACB95F /* SignUpViewModel.swift */ = {isa = PBXFileReference; lastKnownFileType = sourcecode.swift; path = SignUpViewModel.swift; sourceTree = "<group>"; };
		213CCE5D2869C25A0009B8D1 /* CustomStepper.swift */ = {isa = PBXFileReference; lastKnownFileType = sourcecode.swift; path = CustomStepper.swift; sourceTree = "<group>"; };
		214E32A42868788B00A47452 /* View+Background.swift */ = {isa = PBXFileReference; lastKnownFileType = sourcecode.swift; path = "View+Background.swift"; sourceTree = "<group>"; };
		214F41C6282131EA00A9D696 /* GoogleSignInButton.swift */ = {isa = PBXFileReference; lastKnownFileType = sourcecode.swift; name = GoogleSignInButton.swift; path = "Habit Tracker/Views/Login/GoogleSignInButton.swift"; sourceTree = SOURCE_ROOT; };
		214F41CA2821417A00A9D696 /* PasswordResetView.swift */ = {isa = PBXFileReference; lastKnownFileType = sourcecode.swift; name = PasswordResetView.swift; path = "Habit Tracker/Views/Login/PasswordResetView.swift"; sourceTree = SOURCE_ROOT; };
		215249612844F53F00FDA66E /* JournalEntryView.swift */ = {isa = PBXFileReference; lastKnownFileType = sourcecode.swift; path = JournalEntryView.swift; sourceTree = "<group>"; };
		215249632845021900FDA66E /* RatingView.swift */ = {isa = PBXFileReference; lastKnownFileType = sourcecode.swift; path = RatingView.swift; sourceTree = "<group>"; };
		215249652845027800FDA66E /* JournalEntry.swift */ = {isa = PBXFileReference; lastKnownFileType = sourcecode.swift; path = JournalEntry.swift; sourceTree = "<group>"; };
		215249672845029600FDA66E /* JournalEntryViewViewModel.swift */ = {isa = PBXFileReference; lastKnownFileType = sourcecode.swift; path = JournalEntryViewViewModel.swift; sourceTree = "<group>"; };
		215249692845042200FDA66E /* HabitCalendarViewModel.swift */ = {isa = PBXFileReference; lastKnownFileType = sourcecode.swift; path = HabitCalendarViewModel.swift; sourceTree = "<group>"; };
		2152496B2845049A00FDA66E /* DateValue.swift */ = {isa = PBXFileReference; lastKnownFileType = sourcecode.swift; path = DateValue.swift; sourceTree = "<group>"; };
		2152496E28450EF200FDA66E /* Date+isEqual.swift */ = {isa = PBXFileReference; lastKnownFileType = sourcecode.swift; path = "Date+isEqual.swift"; sourceTree = "<group>"; };
		2166708928686FD700EE7F4D /* LongButton.swift */ = {isa = PBXFileReference; lastKnownFileType = sourcecode.swift; path = LongButton.swift; sourceTree = "<group>"; };
		2169E266282115EA00E46AF8 /* Habit Tracker.entitlements */ = {isa = PBXFileReference; lastKnownFileType = text.plist.entitlements; path = "Habit Tracker.entitlements"; sourceTree = "<group>"; };
		218B7457284206B000F55A21 /* Habit.swift */ = {isa = PBXFileReference; lastKnownFileType = sourcecode.swift; path = Habit.swift; sourceTree = "<group>"; };
		21A182B428E304CD001DE8F0 /* FirebaseAuthInterop.xcframework */ = {isa = PBXFileReference; lastKnownFileType = wrapper.xcframework; path = FirebaseAuthInterop.xcframework; sourceTree = "<group>"; };
		21A182B528E304CE001DE8F0 /* FirebaseCoreExtension.xcframework */ = {isa = PBXFileReference; lastKnownFileType = wrapper.xcframework; path = FirebaseCoreExtension.xcframework; sourceTree = "<group>"; };
		21A182B628E304CE001DE8F0 /* FirebaseMessagingInterop.xcframework */ = {isa = PBXFileReference; lastKnownFileType = wrapper.xcframework; path = FirebaseMessagingInterop.xcframework; sourceTree = "<group>"; };
		21A182B728E304CE001DE8F0 /* GTMSessionFetcher.xcframework */ = {isa = PBXFileReference; lastKnownFileType = wrapper.xcframework; path = GTMSessionFetcher.xcframework; sourceTree = "<group>"; };
		21A182B828E304CF001DE8F0 /* FirebaseAppCheckInterop.xcframework */ = {isa = PBXFileReference; lastKnownFileType = wrapper.xcframework; path = FirebaseAppCheckInterop.xcframework; sourceTree = "<group>"; };
		21A182B928E304CF001DE8F0 /* FirebaseSharedSwift.xcframework */ = {isa = PBXFileReference; lastKnownFileType = wrapper.xcframework; path = FirebaseSharedSwift.xcframework; sourceTree = "<group>"; };
		21A182BA28E304D0001DE8F0 /* FirebaseFunctions.xcframework */ = {isa = PBXFileReference; lastKnownFileType = wrapper.xcframework; path = FirebaseFunctions.xcframework; sourceTree = "<group>"; };
		21A182C228E3058C001DE8F0 /* Firebase.h */ = {isa = PBXFileReference; fileEncoding = 4; lastKnownFileType = sourcecode.c.h; path = Firebase.h; sourceTree = "<group>"; };
		21A182C328E305B7001DE8F0 /* module.modulemap */ = {isa = PBXFileReference; fileEncoding = 4; lastKnownFileType = "sourcecode.module-map"; path = module.modulemap; sourceTree = "<group>"; };
		21A182C428E30684001DE8F0 /* FirebaseFirestore.xcframework */ = {isa = PBXFileReference; lastKnownFileType = wrapper.xcframework; path = FirebaseFirestore.xcframework; sourceTree = "<group>"; };
		21A182C528E30684001DE8F0 /* leveldb-library.xcframework */ = {isa = PBXFileReference; lastKnownFileType = wrapper.xcframework; path = "leveldb-library.xcframework"; sourceTree = "<group>"; };
		21A182C628E30686001DE8F0 /* gRPC-C++.xcframework */ = {isa = PBXFileReference; lastKnownFileType = wrapper.xcframework; path = "gRPC-C++.xcframework"; sourceTree = "<group>"; };
		21A182C728E3068C001DE8F0 /* gRPC-Core.xcframework */ = {isa = PBXFileReference; lastKnownFileType = wrapper.xcframework; path = "gRPC-Core.xcframework"; sourceTree = "<group>"; };
		21A182C828E3068D001DE8F0 /* FirebaseFirestoreSwift.xcframework */ = {isa = PBXFileReference; lastKnownFileType = wrapper.xcframework; path = FirebaseFirestoreSwift.xcframework; sourceTree = "<group>"; };
		21A182C928E3068F001DE8F0 /* BoringSSL-GRPC.xcframework */ = {isa = PBXFileReference; lastKnownFileType = wrapper.xcframework; path = "BoringSSL-GRPC.xcframework"; sourceTree = "<group>"; };
		21A182CA28E30690001DE8F0 /* Libuv-gRPC.xcframework */ = {isa = PBXFileReference; lastKnownFileType = wrapper.xcframework; path = "Libuv-gRPC.xcframework"; sourceTree = "<group>"; };
		21A182CB28E30693001DE8F0 /* abseil.xcframework */ = {isa = PBXFileReference; lastKnownFileType = wrapper.xcframework; path = abseil.xcframework; sourceTree = "<group>"; };
		21A182D428E306E1001DE8F0 /* gRPCCertificates-Cpp.bundle */ = {isa = PBXFileReference; lastKnownFileType = "wrapper.plug-in"; path = "gRPCCertificates-Cpp.bundle"; sourceTree = "<group>"; };
		21A182D628E30829001DE8F0 /* FirebaseCoreDiagnostics.xcframework */ = {isa = PBXFileReference; lastKnownFileType = wrapper.xcframework; path = FirebaseCoreDiagnostics.xcframework; sourceTree = "<group>"; };
		21A182D728E30829001DE8F0 /* FirebaseAnalytics.xcframework */ = {isa = PBXFileReference; lastKnownFileType = wrapper.xcframework; path = FirebaseAnalytics.xcframework; sourceTree = "<group>"; };
		21A182D828E3082A001DE8F0 /* FirebaseInstallations.xcframework */ = {isa = PBXFileReference; lastKnownFileType = wrapper.xcframework; path = FirebaseInstallations.xcframework; sourceTree = "<group>"; };
		21A182D928E3082C001DE8F0 /* GoogleAppMeasurement.xcframework */ = {isa = PBXFileReference; lastKnownFileType = wrapper.xcframework; path = GoogleAppMeasurement.xcframework; sourceTree = "<group>"; };
		21A182DA28E3082C001DE8F0 /* GoogleDataTransport.xcframework */ = {isa = PBXFileReference; lastKnownFileType = wrapper.xcframework; path = GoogleDataTransport.xcframework; sourceTree = "<group>"; };
		21A182DB28E3082D001DE8F0 /* GoogleUtilities.xcframework */ = {isa = PBXFileReference; lastKnownFileType = wrapper.xcframework; path = GoogleUtilities.xcframework; sourceTree = "<group>"; };
		21A182DC28E3082D001DE8F0 /* FirebaseAnalyticsSwift.xcframework */ = {isa = PBXFileReference; lastKnownFileType = wrapper.xcframework; path = FirebaseAnalyticsSwift.xcframework; sourceTree = "<group>"; };
		21A182DD28E3082E001DE8F0 /* nanopb.xcframework */ = {isa = PBXFileReference; lastKnownFileType = wrapper.xcframework; path = nanopb.xcframework; sourceTree = "<group>"; };
		21A182DE28E3082E001DE8F0 /* FirebaseCoreInternal.xcframework */ = {isa = PBXFileReference; lastKnownFileType = wrapper.xcframework; path = FirebaseCoreInternal.xcframework; sourceTree = "<group>"; };
		21A182DF28E3082F001DE8F0 /* FirebaseCore.xcframework */ = {isa = PBXFileReference; lastKnownFileType = wrapper.xcframework; path = FirebaseCore.xcframework; sourceTree = "<group>"; };
		21A182E028E3082F001DE8F0 /* GoogleAppMeasurementIdentitySupport.xcframework */ = {isa = PBXFileReference; lastKnownFileType = wrapper.xcframework; path = GoogleAppMeasurementIdentitySupport.xcframework; sourceTree = "<group>"; };
		21A182E128E30830001DE8F0 /* FBLPromises.xcframework */ = {isa = PBXFileReference; lastKnownFileType = wrapper.xcframework; path = FBLPromises.xcframework; sourceTree = "<group>"; };
		21A182EE28E3089A001DE8F0 /* FirebaseAuth.xcframework */ = {isa = PBXFileReference; lastKnownFileType = wrapper.xcframework; path = FirebaseAuth.xcframework; sourceTree = "<group>"; };
		21A91B8C286AE939006FA005 /* JournalDetails.swift */ = {isa = PBXFileReference; lastKnownFileType = sourcecode.swift; path = JournalDetails.swift; sourceTree = "<group>"; };
		21A91B8E286B05D4006FA005 /* CustomDivider.swift */ = {isa = PBXFileReference; lastKnownFileType = sourcecode.swift; path = CustomDivider.swift; sourceTree = "<group>"; };
		21AC33D52821494800A79F7B /* LoginViewModel.swift */ = {isa = PBXFileReference; lastKnownFileType = sourcecode.swift; path = LoginViewModel.swift; sourceTree = "<group>"; };
		21B6285B280AC4B800E3FC49 /* Habit Tracker.app */ = {isa = PBXFileReference; explicitFileType = wrapper.application; includeInIndex = 0; path = "Habit Tracker.app"; sourceTree = BUILT_PRODUCTS_DIR; };
		21B6285E280AC4B900E3FC49 /* Habit_TrackerApp.swift */ = {isa = PBXFileReference; lastKnownFileType = sourcecode.swift; path = Habit_TrackerApp.swift; sourceTree = "<group>"; };
		21B62862280AC4BB00E3FC49 /* Assets.xcassets */ = {isa = PBXFileReference; lastKnownFileType = folder.assetcatalog; path = Assets.xcassets; sourceTree = "<group>"; };
		21B62865280AC4BB00E3FC49 /* Preview Assets.xcassets */ = {isa = PBXFileReference; lastKnownFileType = folder.assetcatalog; path = "Preview Assets.xcassets"; sourceTree = "<group>"; };
		21B6286B280AC4BB00E3FC49 /* Habit TrackerTests.xctest */ = {isa = PBXFileReference; explicitFileType = wrapper.cfbundle; includeInIndex = 0; path = "Habit TrackerTests.xctest"; sourceTree = BUILT_PRODUCTS_DIR; };
		21B6286F280AC4BB00E3FC49 /* Habit_TrackerTests.swift */ = {isa = PBXFileReference; lastKnownFileType = sourcecode.swift; path = Habit_TrackerTests.swift; sourceTree = "<group>"; };
		21B62875280AC4BB00E3FC49 /* Habit TrackerUITests.xctest */ = {isa = PBXFileReference; explicitFileType = wrapper.cfbundle; includeInIndex = 0; path = "Habit TrackerUITests.xctest"; sourceTree = BUILT_PRODUCTS_DIR; };
		21B62879280AC4BB00E3FC49 /* Habit_TrackerUITests.swift */ = {isa = PBXFileReference; lastKnownFileType = sourcecode.swift; path = Habit_TrackerUITests.swift; sourceTree = "<group>"; };
		21B6287B280AC4BB00E3FC49 /* Habit_TrackerUITestsLaunchTests.swift */ = {isa = PBXFileReference; lastKnownFileType = sourcecode.swift; path = Habit_TrackerUITestsLaunchTests.swift; sourceTree = "<group>"; };
		21B62888280AC65A00E3FC49 /* GoogleService-Info.plist */ = {isa = PBXFileReference; fileEncoding = 4; lastKnownFileType = text.plist.xml; path = "GoogleService-Info.plist"; sourceTree = "<group>"; };
		21B62895280AD19600E3FC49 /* Habit-Tracker-Info.plist */ = {isa = PBXFileReference; lastKnownFileType = text.plist; path = "Habit-Tracker-Info.plist"; sourceTree = SOURCE_ROOT; };
		21B62897280AD1E300E3FC49 /* LoginView.swift */ = {isa = PBXFileReference; lastKnownFileType = sourcecode.swift; path = LoginView.swift; sourceTree = "<group>"; };
		21B62899280ADA7F00E3FC49 /* UserSession.swift */ = {isa = PBXFileReference; lastKnownFileType = sourcecode.swift; path = UserSession.swift; sourceTree = "<group>"; };
		21B6289B280ADD9400E3FC49 /* SignUpView.swift */ = {isa = PBXFileReference; lastKnownFileType = sourcecode.swift; path = SignUpView.swift; sourceTree = "<group>"; };
		21B6289D280AE09900E3FC49 /* FirebaseUser.swift */ = {isa = PBXFileReference; lastKnownFileType = sourcecode.swift; path = FirebaseUser.swift; sourceTree = "<group>"; };
		21BD7CAE284B50D100A9A8B2 /* EditHabitView.swift */ = {isa = PBXFileReference; lastKnownFileType = sourcecode.swift; path = EditHabitView.swift; sourceTree = "<group>"; };
		21BD7CB0284B630300A9A8B2 /* EditHabitViewViewModel.swift */ = {isa = PBXFileReference; lastKnownFileType = sourcecode.swift; path = EditHabitViewViewModel.swift; sourceTree = "<group>"; };
		21C16C022847731100502804 /* DayHistoryView.swift */ = {isa = PBXFileReference; lastKnownFileType = sourcecode.swift; path = DayHistoryView.swift; sourceTree = "<group>"; };
		21C16C0428478F3400502804 /* DayHistoryViewViewModel.swift */ = {isa = PBXFileReference; lastKnownFileType = sourcecode.swift; path = DayHistoryViewViewModel.swift; sourceTree = "<group>"; };
		21CCA1C8286F17AD0052D260 /* View+ActionNotification.swift */ = {isa = PBXFileReference; lastKnownFileType = sourcecode.swift; path = "View+ActionNotification.swift"; sourceTree = "<group>"; };
		21CDC546284B1CAE00710020 /* TODO.md */ = {isa = PBXFileReference; lastKnownFileType = net.daringfireball.markdown; path = TODO.md; sourceTree = "<group>"; };
		21DA7F72283B526900E43E4C /* AuthenticationServices.framework */ = {isa = PBXFileReference; lastKnownFileType = wrapper.framework; name = AuthenticationServices.framework; path = System/Library/Frameworks/AuthenticationServices.framework; sourceTree = SDKROOT; };
		21DA7F75283B592700E43E4C /* HomeView.swift */ = {isa = PBXFileReference; lastKnownFileType = sourcecode.swift; path = HomeView.swift; sourceTree = "<group>"; };
		21DA7F77283B90B800E43E4C /* MainView.swift */ = {isa = PBXFileReference; lastKnownFileType = sourcecode.swift; path = MainView.swift; sourceTree = "<group>"; };
		21DA7F7A283B92EF00E43E4C /* AddView.swift */ = {isa = PBXFileReference; lastKnownFileType = sourcecode.swift; path = AddView.swift; sourceTree = "<group>"; };
		21DA7F7C283B942200E43E4C /* CustomTabBar.swift */ = {isa = PBXFileReference; lastKnownFileType = sourcecode.swift; path = CustomTabBar.swift; sourceTree = "<group>"; };
		21DA7F7E283B94AD00E43E4C /* Tab.swift */ = {isa = PBXFileReference; lastKnownFileType = sourcecode.swift; path = Tab.swift; sourceTree = "<group>"; };
		21DDF03C283122AD00FE8DAC /* ErrorDetails.swift */ = {isa = PBXFileReference; lastKnownFileType = sourcecode.swift; path = ErrorDetails.swift; sourceTree = "<group>"; };
		21E516AE286C0D3B003832C3 /* InputFieldChecks.swift */ = {isa = PBXFileReference; lastKnownFileType = sourcecode.swift; path = InputFieldChecks.swift; sourceTree = "<group>"; };
		21E516B0286C15A1003832C3 /* NavigationArrowIndicator.swift */ = {isa = PBXFileReference; lastKnownFileType = sourcecode.swift; path = NavigationArrowIndicator.swift; sourceTree = "<group>"; };
		21E516B2286C3CDA003832C3 /* ActionNotificationBar.swift */ = {isa = PBXFileReference; lastKnownFileType = sourcecode.swift; path = ActionNotificationBar.swift; sourceTree = "<group>"; };
		21E61907283D0287007F42DC /* AddViewViewModel.swift */ = {isa = PBXFileReference; lastKnownFileType = sourcecode.swift; path = AddViewViewModel.swift; sourceTree = "<group>"; };
		21E61909283D089B007F42DC /* Day.swift */ = {isa = PBXFileReference; lastKnownFileType = sourcecode.swift; path = Day.swift; sourceTree = "<group>"; };
		21E6190B283D0A8D007F42DC /* DayPickerView.swift */ = {isa = PBXFileReference; lastKnownFileType = sourcecode.swift; name = DayPickerView.swift; path = "Habit Tracker/Models/DayPickerView.swift"; sourceTree = SOURCE_ROOT; };
		21E937702850ADEC00D041F8 /* MockCalendarService.swift */ = {isa = PBXFileReference; lastKnownFileType = sourcecode.swift; path = MockCalendarService.swift; sourceTree = "<group>"; };
		21E937762850AEE400D041F8 /* CalendarService.swift */ = {isa = PBXFileReference; lastKnownFileType = sourcecode.swift; path = CalendarService.swift; sourceTree = "<group>"; };
		21E9377A2850B40000D041F8 /* FirebaseUserTests.swift */ = {isa = PBXFileReference; lastKnownFileType = sourcecode.swift; path = FirebaseUserTests.swift; sourceTree = "<group>"; };
		21E9377C2850B60600D041F8 /* DayTests.swift */ = {isa = PBXFileReference; lastKnownFileType = sourcecode.swift; path = DayTests.swift; sourceTree = "<group>"; };
		21E9377E2850BA1D00D041F8 /* HabitTests.swift */ = {isa = PBXFileReference; lastKnownFileType = sourcecode.swift; path = HabitTests.swift; sourceTree = "<group>"; };
		21EB0CAD287D0F8C009CDDC6 /* View+InputFieldHeader.swift */ = {isa = PBXFileReference; lastKnownFileType = sourcecode.swift; path = "View+InputFieldHeader.swift"; sourceTree = "<group>"; };
		21EB0CAF287D816E009CDDC6 /* LoginViewUITests.swift */ = {isa = PBXFileReference; lastKnownFileType = sourcecode.swift; path = LoginViewUITests.swift; sourceTree = "<group>"; };
		21EE77CC2859F46D007DB59D /* HighlightCard.swift */ = {isa = PBXFileReference; lastKnownFileType = sourcecode.swift; path = HighlightCard.swift; sourceTree = "<group>"; };
		21EE77CE2859F4A2007DB59D /* BasicShadow.swift */ = {isa = PBXFileReference; lastKnownFileType = sourcecode.swift; path = BasicShadow.swift; sourceTree = "<group>"; };
		21EE77D22859FCD6007DB59D /* ActivityDeleteButton.swift */ = {isa = PBXFileReference; lastKnownFileType = sourcecode.swift; path = ActivityDeleteButton.swift; sourceTree = "<group>"; };
		21EE77D42859FCFA007DB59D /* WhiteBoxTextFieldStyle.swift */ = {isa = PBXFileReference; lastKnownFileType = sourcecode.swift; path = WhiteBoxTextFieldStyle.swift; sourceTree = "<group>"; };
		21EE866B28520A620028F726 /* InputField.swift */ = {isa = PBXFileReference; lastKnownFileType = sourcecode.swift; path = InputField.swift; sourceTree = "<group>"; };
		21EE866D2852162E0028F726 /* TextStyles.swift */ = {isa = PBXFileReference; lastKnownFileType = sourcecode.swift; path = TextStyles.swift; sourceTree = "<group>"; };
		21F2F8D32854864A00F517F0 /* Color+CustomColours.swift */ = {isa = PBXFileReference; lastKnownFileType = sourcecode.swift; path = "Color+CustomColours.swift"; sourceTree = "<group>"; };
		21F2F8D728548E4700F517F0 /* Constants.swift */ = {isa = PBXFileReference; lastKnownFileType = sourcecode.swift; path = Constants.swift; sourceTree = "<group>"; };
		21F2F8D92854A91000F517F0 /* RowLoadingView.swift */ = {isa = PBXFileReference; lastKnownFileType = sourcecode.swift; path = RowLoadingView.swift; sourceTree = "<group>"; };
/* End PBXFileReference section */

/* Begin PBXFrameworksBuildPhase section */
		21B62858280AC4B800E3FC49 /* Frameworks */ = {
			isa = PBXFrameworksBuildPhase;
			buildActionMask = 2147483647;
			files = (
				21A182E528E30830001DE8F0 /* GoogleAppMeasurement.xcframework in Frameworks */,
				21A182D228E30693001DE8F0 /* Libuv-gRPC.xcframework in Frameworks */,
				21A182EF28E3089A001DE8F0 /* FirebaseAuth.xcframework in Frameworks */,
				21A182E728E30830001DE8F0 /* GoogleUtilities.xcframework in Frameworks */,
				21A182CC28E30693001DE8F0 /* FirebaseFirestore.xcframework in Frameworks */,
				21A182CF28E30693001DE8F0 /* gRPC-Core.xcframework in Frameworks */,
				21A182E828E30830001DE8F0 /* FirebaseAnalyticsSwift.xcframework in Frameworks */,
				21A182D128E30693001DE8F0 /* BoringSSL-GRPC.xcframework in Frameworks */,
				21A182BB28E304D0001DE8F0 /* FirebaseAuthInterop.xcframework in Frameworks */,
				21A182BF28E304D0001DE8F0 /* FirebaseAppCheckInterop.xcframework in Frameworks */,
				21A182BE28E304D0001DE8F0 /* GTMSessionFetcher.xcframework in Frameworks */,
				21A182E328E30830001DE8F0 /* FirebaseAnalytics.xcframework in Frameworks */,
				21A182E428E30830001DE8F0 /* FirebaseInstallations.xcframework in Frameworks */,
				21A182EB28E30830001DE8F0 /* FirebaseCore.xcframework in Frameworks */,
				21A182E628E30830001DE8F0 /* GoogleDataTransport.xcframework in Frameworks */,
				21A182ED28E30830001DE8F0 /* FBLPromises.xcframework in Frameworks */,
				21A182CD28E30693001DE8F0 /* leveldb-library.xcframework in Frameworks */,
				21A182D028E30693001DE8F0 /* FirebaseFirestoreSwift.xcframework in Frameworks */,
				21A182C128E304D0001DE8F0 /* FirebaseFunctions.xcframework in Frameworks */,
				21A182C028E304D0001DE8F0 /* FirebaseSharedSwift.xcframework in Frameworks */,
				21A182BC28E304D0001DE8F0 /* FirebaseCoreExtension.xcframework in Frameworks */,
				21A182E228E30830001DE8F0 /* FirebaseCoreDiagnostics.xcframework in Frameworks */,
				21A182BD28E304D0001DE8F0 /* FirebaseMessagingInterop.xcframework in Frameworks */,
				21A182EC28E30830001DE8F0 /* GoogleAppMeasurementIdentitySupport.xcframework in Frameworks */,
				21A182EA28E30830001DE8F0 /* FirebaseCoreInternal.xcframework in Frameworks */,
				21A182CE28E30693001DE8F0 /* gRPC-C++.xcframework in Frameworks */,
				21A182E928E30830001DE8F0 /* nanopb.xcframework in Frameworks */,
				21A182D328E30693001DE8F0 /* abseil.xcframework in Frameworks */,
			);
			runOnlyForDeploymentPostprocessing = 0;
		};
		21B62868280AC4BB00E3FC49 /* Frameworks */ = {
			isa = PBXFrameworksBuildPhase;
			buildActionMask = 2147483647;
			files = (
			);
			runOnlyForDeploymentPostprocessing = 0;
		};
		21B62872280AC4BB00E3FC49 /* Frameworks */ = {
			isa = PBXFrameworksBuildPhase;
			buildActionMask = 2147483647;
			files = (
			);
			runOnlyForDeploymentPostprocessing = 0;
		};
/* End PBXFrameworksBuildPhase section */

/* Begin PBXGroup section */
		21071C24284367A8007C7DC4 /* Habit */ = {
			isa = PBXGroup;
			children = (
				21071C25284367BF007C7DC4 /* HabitCalendar.swift */,
				21BD7CAE284B50D100A9A8B2 /* EditHabitView.swift */,
			);
			path = Habit;
			sourceTree = "<group>";
		};
		212801182845C22B00D24C35 /* Calendar */ = {
			isa = PBXGroup;
			children = (
				212801192845C23A00D24C35 /* CalendarView.swift */,
				2128011B2845C69100D24C35 /* BaseCalendarView.swift */,
			);
			path = Calendar;
			sourceTree = "<group>";
		};
		215249602844F52D00FDA66E /* Journal */ = {
			isa = PBXGroup;
			children = (
				215249612844F53F00FDA66E /* JournalEntryView.swift */,
			);
			path = Journal;
			sourceTree = "<group>";
		};
		2152496D28450EE500FDA66E /* Extensions */ = {
			isa = PBXGroup;
			children = (
				2152496E28450EF200FDA66E /* Date+isEqual.swift */,
				21F2F8D32854864A00F517F0 /* Color+CustomColours.swift */,
				21EE77CC2859F46D007DB59D /* HighlightCard.swift */,
				21EE77CE2859F4A2007DB59D /* BasicShadow.swift */,
				21EE77D42859FCFA007DB59D /* WhiteBoxTextFieldStyle.swift */,
				214E32A42868788B00A47452 /* View+Background.swift */,
			);
			path = Extensions;
			sourceTree = "<group>";
		};
		21AC33D3282148DB00A79F7B /* View Models */ = {
			isa = PBXGroup;
			children = (
				2128011D2845C80C00D24C35 /* CalendarViewViewModel.swift */,
				21B62899280ADA7F00E3FC49 /* UserSession.swift */,
				21AC33D52821494800A79F7B /* LoginViewModel.swift */,
				213C5CC32833A56700ACB95F /* SignUpViewModel.swift */,
				21E61907283D0287007F42DC /* AddViewViewModel.swift */,
				215249672845029600FDA66E /* JournalEntryViewViewModel.swift */,
				215249692845042200FDA66E /* HabitCalendarViewModel.swift */,
				211040732845ED7B00DC1D17 /* HomeViewViewModel.swift */,
				21C16C0428478F3400502804 /* DayHistoryViewViewModel.swift */,
				21BD7CB0284B630300A9A8B2 /* EditHabitViewViewModel.swift */,
				2138AF2B28533D7E0055072E /* PasswordResetViewModel.swift */,
			);
			path = "View Models";
			sourceTree = "<group>";
		};
		21AC33D4282148E200A79F7B /* Models */ = {
			isa = PBXGroup;
			children = (
				21B6289D280AE09900E3FC49 /* FirebaseUser.swift */,
				21DDF03C283122AD00FE8DAC /* ErrorDetails.swift */,
				21DA7F7E283B94AD00E43E4C /* Tab.swift */,
				21E61909283D089B007F42DC /* Day.swift */,
				218B7457284206B000F55A21 /* Habit.swift */,
				215249652845027800FDA66E /* JournalEntry.swift */,
				2152496B2845049A00FDA66E /* DateValue.swift */,
				21F2F8D728548E4700F517F0 /* Constants.swift */,
				21E516AE286C0D3B003832C3 /* InputFieldChecks.swift */,
				211F447928705D630050124B /* Activity.swift */,
			);
			path = Models;
			sourceTree = "<group>";
		};
		21B62852280AC4B800E3FC49 = {
			isa = PBXGroup;
			children = (
				21B6285D280AC4B800E3FC49 /* Habit Tracker */,
				21B6286E280AC4BB00E3FC49 /* Habit TrackerTests */,
				21B62878280AC4BB00E3FC49 /* Habit TrackerUITests */,
				21B6285C280AC4B800E3FC49 /* Products */,
				21DA7F71283B526900E43E4C /* Frameworks */,
			);
			sourceTree = "<group>";
		};
		21B6285C280AC4B800E3FC49 /* Products */ = {
			isa = PBXGroup;
			children = (
				21B6285B280AC4B800E3FC49 /* Habit Tracker.app */,
				21B6286B280AC4BB00E3FC49 /* Habit TrackerTests.xctest */,
				21B62875280AC4BB00E3FC49 /* Habit TrackerUITests.xctest */,
			);
			name = Products;
			sourceTree = "<group>";
		};
		21B6285D280AC4B800E3FC49 /* Habit Tracker */ = {
			isa = PBXGroup;
			children = (
				21EE866A28520A450028F726 /* View Modifiers */,
				21E937722850AEB300D041F8 /* Services */,
				2152496D28450EE500FDA66E /* Extensions */,
				21AC33D4282148E200A79F7B /* Models */,
				21B62896280AD1D600E3FC49 /* Views */,
				21AC33D3282148DB00A79F7B /* View Models */,
				2169E266282115EA00E46AF8 /* Habit Tracker.entitlements */,
				21B62895280AD19600E3FC49 /* Habit-Tracker-Info.plist */,
				21B62888280AC65A00E3FC49 /* GoogleService-Info.plist */,
				21B6285E280AC4B900E3FC49 /* Habit_TrackerApp.swift */,
				21B62862280AC4BB00E3FC49 /* Assets.xcassets */,
				21B62864280AC4BB00E3FC49 /* Preview Content */,
				21CDC546284B1CAE00710020 /* TODO.md */,
			);
			path = "Habit Tracker";
			sourceTree = "<group>";
		};
		21B62864280AC4BB00E3FC49 /* Preview Content */ = {
			isa = PBXGroup;
			children = (
				21B62865280AC4BB00E3FC49 /* Preview Assets.xcassets */,
			);
			path = "Preview Content";
			sourceTree = "<group>";
		};
		21B6286E280AC4BB00E3FC49 /* Habit TrackerTests */ = {
			isa = PBXGroup;
			children = (
				21E9376F2850ADD500D041F8 /* Classes */,
				21B6286F280AC4BB00E3FC49 /* Habit_TrackerTests.swift */,
				21E9377A2850B40000D041F8 /* FirebaseUserTests.swift */,
				21E9377C2850B60600D041F8 /* DayTests.swift */,
				21E9377E2850BA1D00D041F8 /* HabitTests.swift */,
			);
			path = "Habit TrackerTests";
			sourceTree = "<group>";
		};
		21B62878280AC4BB00E3FC49 /* Habit TrackerUITests */ = {
			isa = PBXGroup;
			children = (
				21B62879280AC4BB00E3FC49 /* Habit_TrackerUITests.swift */,
				21B6287B280AC4BB00E3FC49 /* Habit_TrackerUITestsLaunchTests.swift */,
				21EB0CAF287D816E009CDDC6 /* LoginViewUITests.swift */,
			);
			path = "Habit TrackerUITests";
			sourceTree = "<group>";
		};
		21B62896280AD1D600E3FC49 /* Views */ = {
			isa = PBXGroup;
			children = (
				21C16C01284772FC00502804 /* Day History */,
				212801182845C22B00D24C35 /* Calendar */,
				215249602844F52D00FDA66E /* Journal */,
				21071C24284367A8007C7DC4 /* Habit */,
				21E6190B283D0A8D007F42DC /* DayPickerView.swift */,
				21DA7F79283B92E300E43E4C /* Add */,
				21DA7F74283B591D00E43E4C /* Home */,
				21DDF0392831220D00FE8DAC /* Login */,
				21DA7F77283B90B800E43E4C /* MainView.swift */,
				21DA7F7C283B942200E43E4C /* CustomTabBar.swift */,
				215249632845021900FDA66E /* RatingView.swift */,
				2166708928686FD700EE7F4D /* LongButton.swift */,
				213CCE5D2869C25A0009B8D1 /* CustomStepper.swift */,
				21A91B8E286B05D4006FA005 /* CustomDivider.swift */,
				21E516B2286C3CDA003832C3 /* ActionNotificationBar.swift */,
			);
			path = Views;
			sourceTree = "<group>";
		};
		21C16C01284772FC00502804 /* Day History */ = {
			isa = PBXGroup;
			children = (
				21C16C022847731100502804 /* DayHistoryView.swift */,
				21A91B8C286AE939006FA005 /* JournalDetails.swift */,
			);
			path = "Day History";
			sourceTree = "<group>";
		};
		21DA7F71283B526900E43E4C /* Frameworks */ = {
			isa = PBXGroup;
			children = (
				21A182EE28E3089A001DE8F0 /* FirebaseAuth.xcframework */,
				21A182E128E30830001DE8F0 /* FBLPromises.xcframework */,
				21A182D728E30829001DE8F0 /* FirebaseAnalytics.xcframework */,
				21A182DC28E3082D001DE8F0 /* FirebaseAnalyticsSwift.xcframework */,
				21A182DF28E3082F001DE8F0 /* FirebaseCore.xcframework */,
				21A182D628E30829001DE8F0 /* FirebaseCoreDiagnostics.xcframework */,
				21A182DE28E3082E001DE8F0 /* FirebaseCoreInternal.xcframework */,
				21A182D828E3082A001DE8F0 /* FirebaseInstallations.xcframework */,
				21A182D928E3082C001DE8F0 /* GoogleAppMeasurement.xcframework */,
				21A182E028E3082F001DE8F0 /* GoogleAppMeasurementIdentitySupport.xcframework */,
				21A182DA28E3082C001DE8F0 /* GoogleDataTransport.xcframework */,
				21A182DB28E3082D001DE8F0 /* GoogleUtilities.xcframework */,
				21A182DD28E3082E001DE8F0 /* nanopb.xcframework */,
				21A182D428E306E1001DE8F0 /* gRPCCertificates-Cpp.bundle */,
				21A182CB28E30693001DE8F0 /* abseil.xcframework */,
				21A182C928E3068F001DE8F0 /* BoringSSL-GRPC.xcframework */,
				21A182C428E30684001DE8F0 /* FirebaseFirestore.xcframework */,
				21A182C828E3068D001DE8F0 /* FirebaseFirestoreSwift.xcframework */,
				21A182C628E30686001DE8F0 /* gRPC-C++.xcframework */,
				21A182C728E3068C001DE8F0 /* gRPC-Core.xcframework */,
				21A182C528E30684001DE8F0 /* leveldb-library.xcframework */,
				21A182CA28E30690001DE8F0 /* Libuv-gRPC.xcframework */,
				21A182C328E305B7001DE8F0 /* module.modulemap */,
				21A182C228E3058C001DE8F0 /* Firebase.h */,
				21A182B828E304CF001DE8F0 /* FirebaseAppCheckInterop.xcframework */,
				21A182B428E304CD001DE8F0 /* FirebaseAuthInterop.xcframework */,
				21A182B528E304CE001DE8F0 /* FirebaseCoreExtension.xcframework */,
				21A182BA28E304D0001DE8F0 /* FirebaseFunctions.xcframework */,
				21A182B628E304CE001DE8F0 /* FirebaseMessagingInterop.xcframework */,
				21A182B928E304CF001DE8F0 /* FirebaseSharedSwift.xcframework */,
				21A182B728E304CE001DE8F0 /* GTMSessionFetcher.xcframework */,
				21DA7F72283B526900E43E4C /* AuthenticationServices.framework */,
			);
			name = Frameworks;
			sourceTree = "<group>";
		};
		21DA7F74283B591D00E43E4C /* Home */ = {
			isa = PBXGroup;
			children = (
				21DA7F75283B592700E43E4C /* HomeView.swift */,
				2138AF2D28537DC20055072E /* HabitRowView.swift */,
				21F2F8D92854A91000F517F0 /* RowLoadingView.swift */,
				21E516B0286C15A1003832C3 /* NavigationArrowIndicator.swift */,
			);
			path = Home;
			sourceTree = "<group>";
		};
		21DA7F79283B92E300E43E4C /* Add */ = {
			isa = PBXGroup;
			children = (
				21DA7F7A283B92EF00E43E4C /* AddView.swift */,
				21EE77D22859FCD6007DB59D /* ActivityDeleteButton.swift */,
			);
			path = Add;
			sourceTree = "<group>";
		};
		21DDF0392831220D00FE8DAC /* Login */ = {
			isa = PBXGroup;
			children = (
				214F41CA2821417A00A9D696 /* PasswordResetView.swift */,
				214F41C6282131EA00A9D696 /* GoogleSignInButton.swift */,
				21B62897280AD1E300E3FC49 /* LoginView.swift */,
				21B6289B280ADD9400E3FC49 /* SignUpView.swift */,
			);
			path = Login;
			sourceTree = "<group>";
		};
		21E9376F2850ADD500D041F8 /* Classes */ = {
			isa = PBXGroup;
			children = (
				21E937702850ADEC00D041F8 /* MockCalendarService.swift */,
			);
			path = Classes;
			sourceTree = "<group>";
		};
		21E937722850AEB300D041F8 /* Services */ = {
			isa = PBXGroup;
			children = (
				21E937762850AEE400D041F8 /* CalendarService.swift */,
			);
			path = Services;
			sourceTree = "<group>";
		};
		21EE866A28520A450028F726 /* View Modifiers */ = {
			isa = PBXGroup;
			children = (
				21EE866B28520A620028F726 /* InputField.swift */,
				21EE866D2852162E0028F726 /* TextStyles.swift */,
				21CCA1C8286F17AD0052D260 /* View+ActionNotification.swift */,
				21EB0CAD287D0F8C009CDDC6 /* View+InputFieldHeader.swift */,
			);
			path = "View Modifiers";
			sourceTree = "<group>";
		};
/* End PBXGroup section */

/* Begin PBXNativeTarget section */
		21B6285A280AC4B800E3FC49 /* Habit Tracker */ = {
			isa = PBXNativeTarget;
			buildConfigurationList = 21B6287F280AC4BB00E3FC49 /* Build configuration list for PBXNativeTarget "Habit Tracker" */;
			buildPhases = (
				21B62857280AC4B800E3FC49 /* Sources */,
				21B62858280AC4B800E3FC49 /* Frameworks */,
				21B62859280AC4B800E3FC49 /* Resources */,
			);
			buildRules = (
			);
			dependencies = (
			);
			name = "Habit Tracker";
			packageProductDependencies = (
			);
			productName = "Habit Tracker";
			productReference = 21B6285B280AC4B800E3FC49 /* Habit Tracker.app */;
			productType = "com.apple.product-type.application";
		};
		21B6286A280AC4BB00E3FC49 /* Habit TrackerTests */ = {
			isa = PBXNativeTarget;
			buildConfigurationList = 21B62882280AC4BB00E3FC49 /* Build configuration list for PBXNativeTarget "Habit TrackerTests" */;
			buildPhases = (
				21B62867280AC4BB00E3FC49 /* Sources */,
				21B62868280AC4BB00E3FC49 /* Frameworks */,
				21B62869280AC4BB00E3FC49 /* Resources */,
			);
			buildRules = (
			);
			dependencies = (
				21E937792850B2AB00D041F8 /* PBXTargetDependency */,
			);
			name = "Habit TrackerTests";
			productName = "Habit TrackerTests";
			productReference = 21B6286B280AC4BB00E3FC49 /* Habit TrackerTests.xctest */;
			productType = "com.apple.product-type.bundle.unit-test";
		};
		21B62874280AC4BB00E3FC49 /* Habit TrackerUITests */ = {
			isa = PBXNativeTarget;
			buildConfigurationList = 21B62885280AC4BB00E3FC49 /* Build configuration list for PBXNativeTarget "Habit TrackerUITests" */;
			buildPhases = (
				21B62871280AC4BB00E3FC49 /* Sources */,
				21B62872280AC4BB00E3FC49 /* Frameworks */,
				21B62873280AC4BB00E3FC49 /* Resources */,
			);
			buildRules = (
			);
			dependencies = (
				21B62877280AC4BB00E3FC49 /* PBXTargetDependency */,
			);
			name = "Habit TrackerUITests";
			productName = "Habit TrackerUITests";
			productReference = 21B62875280AC4BB00E3FC49 /* Habit TrackerUITests.xctest */;
			productType = "com.apple.product-type.bundle.ui-testing";
		};
/* End PBXNativeTarget section */

/* Begin PBXProject section */
		21B62853280AC4B800E3FC49 /* Project object */ = {
			isa = PBXProject;
			attributes = {
				BuildIndependentTargetsInParallel = 1;
				LastSwiftUpdateCheck = 1330;
				LastUpgradeCheck = 1330;
				TargetAttributes = {
					21B6285A280AC4B800E3FC49 = {
						CreatedOnToolsVersion = 13.3.1;
					};
					21B6286A280AC4BB00E3FC49 = {
						CreatedOnToolsVersion = 13.3.1;
						TestTargetID = 21B6285A280AC4B800E3FC49;
					};
					21B62874280AC4BB00E3FC49 = {
						CreatedOnToolsVersion = 13.3.1;
						TestTargetID = 21B6285A280AC4B800E3FC49;
					};
				};
			};
			buildConfigurationList = 21B62856280AC4B800E3FC49 /* Build configuration list for PBXProject "Habit Tracker" */;
			compatibilityVersion = "Xcode 13.0";
			developmentRegion = en;
			hasScannedForEncodings = 0;
			knownRegions = (
				en,
				Base,
			);
			mainGroup = 21B62852280AC4B800E3FC49;
			packageReferences = (
			);
			productRefGroup = 21B6285C280AC4B800E3FC49 /* Products */;
			projectDirPath = "";
			projectRoot = "";
			targets = (
				21B6285A280AC4B800E3FC49 /* Habit Tracker */,
				21B6286A280AC4BB00E3FC49 /* Habit TrackerTests */,
				21B62874280AC4BB00E3FC49 /* Habit TrackerUITests */,
			);
		};
/* End PBXProject section */

/* Begin PBXResourcesBuildPhase section */
		21B62859280AC4B800E3FC49 /* Resources */ = {
			isa = PBXResourcesBuildPhase;
			buildActionMask = 2147483647;
			files = (
				21B62866280AC4BB00E3FC49 /* Preview Assets.xcassets in Resources */,
				21A182D528E306E1001DE8F0 /* gRPCCertificates-Cpp.bundle in Resources */,
				21B62863280AC4BB00E3FC49 /* Assets.xcassets in Resources */,
				21B62889280AC65A00E3FC49 /* GoogleService-Info.plist in Resources */,
			);
			runOnlyForDeploymentPostprocessing = 0;
		};
		21B62869280AC4BB00E3FC49 /* Resources */ = {
			isa = PBXResourcesBuildPhase;
			buildActionMask = 2147483647;
			files = (
			);
			runOnlyForDeploymentPostprocessing = 0;
		};
		21B62873280AC4BB00E3FC49 /* Resources */ = {
			isa = PBXResourcesBuildPhase;
			buildActionMask = 2147483647;
			files = (
			);
			runOnlyForDeploymentPostprocessing = 0;
		};
/* End PBXResourcesBuildPhase section */

/* Begin PBXSourcesBuildPhase section */
		21B62857280AC4B800E3FC49 /* Sources */ = {
			isa = PBXSourcesBuildPhase;
			buildActionMask = 2147483647;
			files = (
				215249682845029600FDA66E /* JournalEntryViewViewModel.swift in Sources */,
				21DA7F7B283B92EF00E43E4C /* AddView.swift in Sources */,
				21E61908283D0287007F42DC /* AddViewViewModel.swift in Sources */,
				21BD7CAF284B50D100A9A8B2 /* EditHabitView.swift in Sources */,
				211040742845ED7B00DC1D17 /* HomeViewViewModel.swift in Sources */,
				21EE77CD2859F46D007DB59D /* HighlightCard.swift in Sources */,
				215249642845021900FDA66E /* RatingView.swift in Sources */,
				2152496C2845049A00FDA66E /* DateValue.swift in Sources */,
				213CCE5E2869C25A0009B8D1 /* CustomStepper.swift in Sources */,
				211F447A28705D630050124B /* Activity.swift in Sources */,
				21EE866C28520A620028F726 /* InputField.swift in Sources */,
				21C16C032847731100502804 /* DayHistoryView.swift in Sources */,
				21EE866E2852162E0028F726 /* TextStyles.swift in Sources */,
				21DA7F7D283B942200E43E4C /* CustomTabBar.swift in Sources */,
				21B62898280AD1E300E3FC49 /* LoginView.swift in Sources */,
				21DA7F78283B90B800E43E4C /* MainView.swift in Sources */,
				21071C26284367BF007C7DC4 /* HabitCalendar.swift in Sources */,
				21A91B8D286AE939006FA005 /* JournalDetails.swift in Sources */,
				21C16C0528478F3400502804 /* DayHistoryViewViewModel.swift in Sources */,
				2166708A28686FD700EE7F4D /* LongButton.swift in Sources */,
				21CCA1C9286F17AD0052D260 /* View+ActionNotification.swift in Sources */,
				2128011C2845C69100D24C35 /* BaseCalendarView.swift in Sources */,
				21B6289C280ADD9400E3FC49 /* SignUpView.swift in Sources */,
				218B7458284206B000F55A21 /* Habit.swift in Sources */,
				21DA7F76283B592700E43E4C /* HomeView.swift in Sources */,
				21E516B3286C3CDA003832C3 /* ActionNotificationBar.swift in Sources */,
				2138AF2E28537DC20055072E /* HabitRowView.swift in Sources */,
				21E937772850AEE400D041F8 /* CalendarService.swift in Sources */,
				215249662845027800FDA66E /* JournalEntry.swift in Sources */,
				21F2F8D42854864A00F517F0 /* Color+CustomColours.swift in Sources */,
				2152496F28450EF200FDA66E /* Date+isEqual.swift in Sources */,
				21F2F8DA2854A91000F517F0 /* RowLoadingView.swift in Sources */,
				21BD7CB1284B630300A9A8B2 /* EditHabitViewViewModel.swift in Sources */,
				21E516B1286C15A1003832C3 /* NavigationArrowIndicator.swift in Sources */,
				214F41CB2821417A00A9D696 /* PasswordResetView.swift in Sources */,
				2152496A2845042200FDA66E /* HabitCalendarViewModel.swift in Sources */,
				21E6190C283D0A8D007F42DC /* DayPickerView.swift in Sources */,
				21B6285F280AC4B900E3FC49 /* Habit_TrackerApp.swift in Sources */,
				2128011A2845C23A00D24C35 /* CalendarView.swift in Sources */,
				21B6289A280ADA7F00E3FC49 /* UserSession.swift in Sources */,
				2128011E2845C80C00D24C35 /* CalendarViewViewModel.swift in Sources */,
				21F2F8D828548E4700F517F0 /* Constants.swift in Sources */,
				21E6190A283D089B007F42DC /* Day.swift in Sources */,
				214E32A52868788B00A47452 /* View+Background.swift in Sources */,
				21A91B8F286B05D4006FA005 /* CustomDivider.swift in Sources */,
				21E516AF286C0D3C003832C3 /* InputFieldChecks.swift in Sources */,
				21B6289E280AE09A00E3FC49 /* FirebaseUser.swift in Sources */,
				21EB0CAE287D0F8D009CDDC6 /* View+InputFieldHeader.swift in Sources */,
				21DA7F7F283B94AD00E43E4C /* Tab.swift in Sources */,
				214F41C7282131EA00A9D696 /* GoogleSignInButton.swift in Sources */,
				2138AF2C28533D7E0055072E /* PasswordResetViewModel.swift in Sources */,
				21DDF03D283122AD00FE8DAC /* ErrorDetails.swift in Sources */,
				21EE77CF2859F4A2007DB59D /* BasicShadow.swift in Sources */,
				215249622844F53F00FDA66E /* JournalEntryView.swift in Sources */,
				21EE77D32859FCD6007DB59D /* ActivityDeleteButton.swift in Sources */,
				21EE77D52859FCFA007DB59D /* WhiteBoxTextFieldStyle.swift in Sources */,
				213C5CC42833A56700ACB95F /* SignUpViewModel.swift in Sources */,
				21AC33D62821494800A79F7B /* LoginViewModel.swift in Sources */,
			);
			runOnlyForDeploymentPostprocessing = 0;
		};
		21B62867280AC4BB00E3FC49 /* Sources */ = {
			isa = PBXSourcesBuildPhase;
			buildActionMask = 2147483647;
			files = (
				21E9377B2850B40000D041F8 /* FirebaseUserTests.swift in Sources */,
				21B62870280AC4BB00E3FC49 /* Habit_TrackerTests.swift in Sources */,
				21E9377D2850B60600D041F8 /* DayTests.swift in Sources */,
				21E9377F2850BA1D00D041F8 /* HabitTests.swift in Sources */,
				21E937712850ADEC00D041F8 /* MockCalendarService.swift in Sources */,
			);
			runOnlyForDeploymentPostprocessing = 0;
		};
		21B62871280AC4BB00E3FC49 /* Sources */ = {
			isa = PBXSourcesBuildPhase;
			buildActionMask = 2147483647;
			files = (
				21B6287C280AC4BB00E3FC49 /* Habit_TrackerUITestsLaunchTests.swift in Sources */,
				21B6287A280AC4BB00E3FC49 /* Habit_TrackerUITests.swift in Sources */,
				21EB0CB0287D816E009CDDC6 /* LoginViewUITests.swift in Sources */,
			);
			runOnlyForDeploymentPostprocessing = 0;
		};
/* End PBXSourcesBuildPhase section */

/* Begin PBXTargetDependency section */
		21B62877280AC4BB00E3FC49 /* PBXTargetDependency */ = {
			isa = PBXTargetDependency;
			target = 21B6285A280AC4B800E3FC49 /* Habit Tracker */;
			targetProxy = 21B62876280AC4BB00E3FC49 /* PBXContainerItemProxy */;
		};
		21E937792850B2AB00D041F8 /* PBXTargetDependency */ = {
			isa = PBXTargetDependency;
			target = 21B6285A280AC4B800E3FC49 /* Habit Tracker */;
			targetProxy = 21E937782850B2AB00D041F8 /* PBXContainerItemProxy */;
		};
/* End PBXTargetDependency section */

/* Begin XCBuildConfiguration section */
		21A18FD72848CA2A00CC7FDE /* Emulators */ = {
			isa = XCBuildConfiguration;
			buildSettings = {
				ALWAYS_SEARCH_USER_PATHS = NO;
				CLANG_ANALYZER_NONNULL = YES;
				CLANG_ANALYZER_NUMBER_OBJECT_CONVERSION = YES_AGGRESSIVE;
				CLANG_CXX_LANGUAGE_STANDARD = "gnu++17";
				CLANG_ENABLE_MODULES = YES;
				CLANG_ENABLE_OBJC_ARC = YES;
				CLANG_ENABLE_OBJC_WEAK = YES;
				CLANG_WARN_BLOCK_CAPTURE_AUTORELEASING = YES;
				CLANG_WARN_BOOL_CONVERSION = YES;
				CLANG_WARN_COMMA = YES;
				CLANG_WARN_CONSTANT_CONVERSION = YES;
				CLANG_WARN_DEPRECATED_OBJC_IMPLEMENTATIONS = YES;
				CLANG_WARN_DIRECT_OBJC_ISA_USAGE = YES_ERROR;
				CLANG_WARN_DOCUMENTATION_COMMENTS = YES;
				CLANG_WARN_EMPTY_BODY = YES;
				CLANG_WARN_ENUM_CONVERSION = YES;
				CLANG_WARN_INFINITE_RECURSION = YES;
				CLANG_WARN_INT_CONVERSION = YES;
				CLANG_WARN_NON_LITERAL_NULL_CONVERSION = YES;
				CLANG_WARN_OBJC_IMPLICIT_RETAIN_SELF = YES;
				CLANG_WARN_OBJC_LITERAL_CONVERSION = YES;
				CLANG_WARN_OBJC_ROOT_CLASS = YES_ERROR;
				CLANG_WARN_QUOTED_INCLUDE_IN_FRAMEWORK_HEADER = YES;
				CLANG_WARN_RANGE_LOOP_ANALYSIS = YES;
				CLANG_WARN_STRICT_PROTOTYPES = YES;
				CLANG_WARN_SUSPICIOUS_MOVE = YES;
				CLANG_WARN_UNGUARDED_AVAILABILITY = YES_AGGRESSIVE;
				CLANG_WARN_UNREACHABLE_CODE = YES;
				CLANG_WARN__DUPLICATE_METHOD_MATCH = YES;
				COPY_PHASE_STRIP = NO;
				DEBUG_INFORMATION_FORMAT = dwarf;
				ENABLE_STRICT_OBJC_MSGSEND = YES;
				ENABLE_TESTABILITY = YES;
				GCC_C_LANGUAGE_STANDARD = gnu11;
				GCC_DYNAMIC_NO_PIC = NO;
				GCC_NO_COMMON_BLOCKS = YES;
				GCC_OPTIMIZATION_LEVEL = 0;
				GCC_PREPROCESSOR_DEFINITIONS = (
					"DEBUG=1",
					"$(inherited)",
				);
				GCC_WARN_64_TO_32_BIT_CONVERSION = YES;
				GCC_WARN_ABOUT_RETURN_TYPE = YES_ERROR;
				GCC_WARN_UNDECLARED_SELECTOR = YES;
				GCC_WARN_UNINITIALIZED_AUTOS = YES_AGGRESSIVE;
				GCC_WARN_UNUSED_FUNCTION = YES;
				GCC_WARN_UNUSED_VARIABLE = YES;
				IPHONEOS_DEPLOYMENT_TARGET = 15.4;
				MTL_ENABLE_DEBUG_INFO = INCLUDE_SOURCE;
				MTL_FAST_MATH = YES;
				ONLY_ACTIVE_ARCH = YES;
				OTHER_SWIFT_FLAGS = "-D EMULATORS";
				SDKROOT = iphoneos;
				SWIFT_ACTIVE_COMPILATION_CONDITIONS = DEBUG;
				SWIFT_OPTIMIZATION_LEVEL = "-Onone";
			};
			name = Emulators;
		};
		21A18FD82848CA2A00CC7FDE /* Emulators */ = {
			isa = XCBuildConfiguration;
			buildSettings = {
				ASSETCATALOG_COMPILER_APPICON_NAME = AppIcon;
				ASSETCATALOG_COMPILER_GLOBAL_ACCENT_COLOR_NAME = AccentColor;
				CODE_SIGN_ENTITLEMENTS = "Habit Tracker/Habit Tracker.entitlements";
				CODE_SIGN_STYLE = Automatic;
				CURRENT_PROJECT_VERSION = 1;
				DEVELOPMENT_ASSET_PATHS = "\"Habit Tracker/Preview Content\"";
				DEVELOPMENT_TEAM = SVNZBC4323;
				ENABLE_PREVIEWS = YES;
				GENERATE_INFOPLIST_FILE = YES;
				INFOPLIST_FILE = "Habit-Tracker-Info.plist";
				INFOPLIST_KEY_UIApplicationSceneManifest_Generation = YES;
				INFOPLIST_KEY_UIApplicationSupportsIndirectInputEvents = YES;
				INFOPLIST_KEY_UISupportedInterfaceOrientations = UIInterfaceOrientationPortrait;
				INFOPLIST_KEY_UISupportedInterfaceOrientations_iPad = "UIInterfaceOrientationPortrait UIInterfaceOrientationPortraitUpsideDown UIInterfaceOrientationLandscapeLeft UIInterfaceOrientationLandscapeRight";
				INFOPLIST_KEY_UISupportedInterfaceOrientations_iPhone = UIInterfaceOrientationPortrait;
				IPHONEOS_DEPLOYMENT_TARGET = 15.4;
				LD_RUNPATH_SEARCH_PATHS = (
					"$(inherited)",
					"@executable_path/Frameworks",
				);
				MARKETING_VERSION = 1.0;
				OTHER_LDFLAGS = "-ObjC";
				PRODUCT_BUNDLE_IDENTIFIER = "com.gmail.tusatino.Habit-Tracker";
				PRODUCT_NAME = "$(TARGET_NAME)";
				SWIFT_EMIT_LOC_STRINGS = YES;
				SWIFT_VERSION = 5.0;
				TARGETED_DEVICE_FAMILY = "1,2";
				USER_HEADER_SEARCH_PATHS = /Frameworks/;
			};
			name = Emulators;
		};
		21A18FD92848CA2A00CC7FDE /* Emulators */ = {
			isa = XCBuildConfiguration;
			buildSettings = {
				ALWAYS_EMBED_SWIFT_STANDARD_LIBRARIES = YES;
				BUNDLE_LOADER = "$(TEST_HOST)";
				CODE_SIGN_STYLE = Automatic;
				CURRENT_PROJECT_VERSION = 1;
				DEVELOPMENT_TEAM = SVNZBC4323;
				GENERATE_INFOPLIST_FILE = YES;
				IPHONEOS_DEPLOYMENT_TARGET = 15.4;
				MARKETING_VERSION = 1.0;
				PRODUCT_BUNDLE_IDENTIFIER = "com.gmail.tusatino.Habit-TrackerTests";
				PRODUCT_NAME = "$(TARGET_NAME)";
				SWIFT_EMIT_LOC_STRINGS = NO;
				SWIFT_VERSION = 5.0;
				TARGETED_DEVICE_FAMILY = "1,2";
				TEST_HOST = "$(BUILT_PRODUCTS_DIR)/Habit Tracker.app/Habit Tracker";
			};
			name = Emulators;
		};
		21A18FDA2848CA2A00CC7FDE /* Emulators */ = {
			isa = XCBuildConfiguration;
			buildSettings = {
				ALWAYS_EMBED_SWIFT_STANDARD_LIBRARIES = YES;
				CODE_SIGN_STYLE = Automatic;
				CURRENT_PROJECT_VERSION = 1;
				DEVELOPMENT_TEAM = SVNZBC4323;
				GENERATE_INFOPLIST_FILE = YES;
				MARKETING_VERSION = 1.0;
				PRODUCT_BUNDLE_IDENTIFIER = "com.gmail.tusatino.Habit-TrackerUITests";
				PRODUCT_NAME = "$(TARGET_NAME)";
				SWIFT_EMIT_LOC_STRINGS = NO;
				SWIFT_VERSION = 5.0;
				TARGETED_DEVICE_FAMILY = "1,2";
				TEST_TARGET_NAME = "Habit Tracker";
			};
			name = Emulators;
		};
		21B6287D280AC4BB00E3FC49 /* Debug */ = {
			isa = XCBuildConfiguration;
			buildSettings = {
				ALWAYS_SEARCH_USER_PATHS = NO;
				CLANG_ANALYZER_NONNULL = YES;
				CLANG_ANALYZER_NUMBER_OBJECT_CONVERSION = YES_AGGRESSIVE;
				CLANG_CXX_LANGUAGE_STANDARD = "gnu++17";
				CLANG_ENABLE_MODULES = YES;
				CLANG_ENABLE_OBJC_ARC = YES;
				CLANG_ENABLE_OBJC_WEAK = YES;
				CLANG_WARN_BLOCK_CAPTURE_AUTORELEASING = YES;
				CLANG_WARN_BOOL_CONVERSION = YES;
				CLANG_WARN_COMMA = YES;
				CLANG_WARN_CONSTANT_CONVERSION = YES;
				CLANG_WARN_DEPRECATED_OBJC_IMPLEMENTATIONS = YES;
				CLANG_WARN_DIRECT_OBJC_ISA_USAGE = YES_ERROR;
				CLANG_WARN_DOCUMENTATION_COMMENTS = YES;
				CLANG_WARN_EMPTY_BODY = YES;
				CLANG_WARN_ENUM_CONVERSION = YES;
				CLANG_WARN_INFINITE_RECURSION = YES;
				CLANG_WARN_INT_CONVERSION = YES;
				CLANG_WARN_NON_LITERAL_NULL_CONVERSION = YES;
				CLANG_WARN_OBJC_IMPLICIT_RETAIN_SELF = YES;
				CLANG_WARN_OBJC_LITERAL_CONVERSION = YES;
				CLANG_WARN_OBJC_ROOT_CLASS = YES_ERROR;
				CLANG_WARN_QUOTED_INCLUDE_IN_FRAMEWORK_HEADER = YES;
				CLANG_WARN_RANGE_LOOP_ANALYSIS = YES;
				CLANG_WARN_STRICT_PROTOTYPES = YES;
				CLANG_WARN_SUSPICIOUS_MOVE = YES;
				CLANG_WARN_UNGUARDED_AVAILABILITY = YES_AGGRESSIVE;
				CLANG_WARN_UNREACHABLE_CODE = YES;
				CLANG_WARN__DUPLICATE_METHOD_MATCH = YES;
				COPY_PHASE_STRIP = NO;
				DEBUG_INFORMATION_FORMAT = dwarf;
				ENABLE_STRICT_OBJC_MSGSEND = YES;
				ENABLE_TESTABILITY = YES;
				GCC_C_LANGUAGE_STANDARD = gnu11;
				GCC_DYNAMIC_NO_PIC = NO;
				GCC_NO_COMMON_BLOCKS = YES;
				GCC_OPTIMIZATION_LEVEL = 0;
				GCC_PREPROCESSOR_DEFINITIONS = (
					"DEBUG=1",
					"$(inherited)",
				);
				GCC_WARN_64_TO_32_BIT_CONVERSION = YES;
				GCC_WARN_ABOUT_RETURN_TYPE = YES_ERROR;
				GCC_WARN_UNDECLARED_SELECTOR = YES;
				GCC_WARN_UNINITIALIZED_AUTOS = YES_AGGRESSIVE;
				GCC_WARN_UNUSED_FUNCTION = YES;
				GCC_WARN_UNUSED_VARIABLE = YES;
				IPHONEOS_DEPLOYMENT_TARGET = 15.4;
				MTL_ENABLE_DEBUG_INFO = INCLUDE_SOURCE;
				MTL_FAST_MATH = YES;
				ONLY_ACTIVE_ARCH = YES;
				SDKROOT = iphoneos;
				SWIFT_ACTIVE_COMPILATION_CONDITIONS = DEBUG;
				SWIFT_OPTIMIZATION_LEVEL = "-Onone";
			};
			name = Debug;
		};
		21B6287E280AC4BB00E3FC49 /* Release */ = {
			isa = XCBuildConfiguration;
			buildSettings = {
				ALWAYS_SEARCH_USER_PATHS = NO;
				CLANG_ANALYZER_NONNULL = YES;
				CLANG_ANALYZER_NUMBER_OBJECT_CONVERSION = YES_AGGRESSIVE;
				CLANG_CXX_LANGUAGE_STANDARD = "gnu++17";
				CLANG_ENABLE_MODULES = YES;
				CLANG_ENABLE_OBJC_ARC = YES;
				CLANG_ENABLE_OBJC_WEAK = YES;
				CLANG_WARN_BLOCK_CAPTURE_AUTORELEASING = YES;
				CLANG_WARN_BOOL_CONVERSION = YES;
				CLANG_WARN_COMMA = YES;
				CLANG_WARN_CONSTANT_CONVERSION = YES;
				CLANG_WARN_DEPRECATED_OBJC_IMPLEMENTATIONS = YES;
				CLANG_WARN_DIRECT_OBJC_ISA_USAGE = YES_ERROR;
				CLANG_WARN_DOCUMENTATION_COMMENTS = YES;
				CLANG_WARN_EMPTY_BODY = YES;
				CLANG_WARN_ENUM_CONVERSION = YES;
				CLANG_WARN_INFINITE_RECURSION = YES;
				CLANG_WARN_INT_CONVERSION = YES;
				CLANG_WARN_NON_LITERAL_NULL_CONVERSION = YES;
				CLANG_WARN_OBJC_IMPLICIT_RETAIN_SELF = YES;
				CLANG_WARN_OBJC_LITERAL_CONVERSION = YES;
				CLANG_WARN_OBJC_ROOT_CLASS = YES_ERROR;
				CLANG_WARN_QUOTED_INCLUDE_IN_FRAMEWORK_HEADER = YES;
				CLANG_WARN_RANGE_LOOP_ANALYSIS = YES;
				CLANG_WARN_STRICT_PROTOTYPES = YES;
				CLANG_WARN_SUSPICIOUS_MOVE = YES;
				CLANG_WARN_UNGUARDED_AVAILABILITY = YES_AGGRESSIVE;
				CLANG_WARN_UNREACHABLE_CODE = YES;
				CLANG_WARN__DUPLICATE_METHOD_MATCH = YES;
				COPY_PHASE_STRIP = NO;
				DEBUG_INFORMATION_FORMAT = "dwarf-with-dsym";
				ENABLE_NS_ASSERTIONS = NO;
				ENABLE_STRICT_OBJC_MSGSEND = YES;
				GCC_C_LANGUAGE_STANDARD = gnu11;
				GCC_NO_COMMON_BLOCKS = YES;
				GCC_WARN_64_TO_32_BIT_CONVERSION = YES;
				GCC_WARN_ABOUT_RETURN_TYPE = YES_ERROR;
				GCC_WARN_UNDECLARED_SELECTOR = YES;
				GCC_WARN_UNINITIALIZED_AUTOS = YES_AGGRESSIVE;
				GCC_WARN_UNUSED_FUNCTION = YES;
				GCC_WARN_UNUSED_VARIABLE = YES;
				IPHONEOS_DEPLOYMENT_TARGET = 15.4;
				MTL_ENABLE_DEBUG_INFO = NO;
				MTL_FAST_MATH = YES;
				SDKROOT = iphoneos;
				SWIFT_COMPILATION_MODE = wholemodule;
				SWIFT_OPTIMIZATION_LEVEL = "-O";
				VALIDATE_PRODUCT = YES;
			};
			name = Release;
		};
		21B62880280AC4BB00E3FC49 /* Debug */ = {
			isa = XCBuildConfiguration;
			buildSettings = {
				ASSETCATALOG_COMPILER_APPICON_NAME = AppIcon;
				ASSETCATALOG_COMPILER_GLOBAL_ACCENT_COLOR_NAME = AccentColor;
				CODE_SIGN_ENTITLEMENTS = "Habit Tracker/Habit Tracker.entitlements";
				CODE_SIGN_STYLE = Automatic;
				CURRENT_PROJECT_VERSION = 1;
				DEVELOPMENT_ASSET_PATHS = "\"Habit Tracker/Preview Content\"";
				DEVELOPMENT_TEAM = SVNZBC4323;
				ENABLE_PREVIEWS = YES;
				GENERATE_INFOPLIST_FILE = YES;
				INFOPLIST_FILE = "Habit-Tracker-Info.plist";
				INFOPLIST_KEY_UIApplicationSceneManifest_Generation = YES;
				INFOPLIST_KEY_UIApplicationSupportsIndirectInputEvents = YES;
				INFOPLIST_KEY_UISupportedInterfaceOrientations = UIInterfaceOrientationPortrait;
				INFOPLIST_KEY_UISupportedInterfaceOrientations_iPad = "UIInterfaceOrientationPortrait UIInterfaceOrientationPortraitUpsideDown UIInterfaceOrientationLandscapeLeft UIInterfaceOrientationLandscapeRight";
				INFOPLIST_KEY_UISupportedInterfaceOrientations_iPhone = UIInterfaceOrientationPortrait;
				IPHONEOS_DEPLOYMENT_TARGET = 15.4;
				LD_RUNPATH_SEARCH_PATHS = (
					"$(inherited)",
					"@executable_path/Frameworks",
				);
				MARKETING_VERSION = 1.0;
				OTHER_LDFLAGS = "-ObjC";
				PRODUCT_BUNDLE_IDENTIFIER = "com.gmail.tusatino.Habit-Tracker";
				PRODUCT_NAME = "$(TARGET_NAME)";
				SWIFT_EMIT_LOC_STRINGS = YES;
				SWIFT_VERSION = 5.0;
				TARGETED_DEVICE_FAMILY = "1,2";
				USER_HEADER_SEARCH_PATHS = /Frameworks/;
			};
			name = Debug;
		};
		21B62881280AC4BB00E3FC49 /* Release */ = {
			isa = XCBuildConfiguration;
			buildSettings = {
				ASSETCATALOG_COMPILER_APPICON_NAME = AppIcon;
				ASSETCATALOG_COMPILER_GLOBAL_ACCENT_COLOR_NAME = AccentColor;
				CODE_SIGN_ENTITLEMENTS = "Habit Tracker/Habit Tracker.entitlements";
				CODE_SIGN_STYLE = Automatic;
				CURRENT_PROJECT_VERSION = 1;
				DEVELOPMENT_ASSET_PATHS = "\"Habit Tracker/Preview Content\"";
				DEVELOPMENT_TEAM = SVNZBC4323;
				ENABLE_PREVIEWS = YES;
				GENERATE_INFOPLIST_FILE = YES;
				INFOPLIST_FILE = "Habit-Tracker-Info.plist";
				INFOPLIST_KEY_UIApplicationSceneManifest_Generation = YES;
				INFOPLIST_KEY_UIApplicationSupportsIndirectInputEvents = YES;
				INFOPLIST_KEY_UISupportedInterfaceOrientations = UIInterfaceOrientationPortrait;
				INFOPLIST_KEY_UISupportedInterfaceOrientations_iPad = "UIInterfaceOrientationPortrait UIInterfaceOrientationPortraitUpsideDown UIInterfaceOrientationLandscapeLeft UIInterfaceOrientationLandscapeRight";
				INFOPLIST_KEY_UISupportedInterfaceOrientations_iPhone = UIInterfaceOrientationPortrait;
				IPHONEOS_DEPLOYMENT_TARGET = 15.4;
				LD_RUNPATH_SEARCH_PATHS = (
					"$(inherited)",
					"@executable_path/Frameworks",
				);
				MARKETING_VERSION = 1.0;
				OTHER_LDFLAGS = "-ObjC";
				PRODUCT_BUNDLE_IDENTIFIER = "com.gmail.tusatino.Habit-Tracker";
				PRODUCT_NAME = "$(TARGET_NAME)";
				SWIFT_EMIT_LOC_STRINGS = YES;
				SWIFT_VERSION = 5.0;
				TARGETED_DEVICE_FAMILY = "1,2";
				USER_HEADER_SEARCH_PATHS = /Frameworks/;
			};
			name = Release;
		};
		21B62883280AC4BB00E3FC49 /* Debug */ = {
			isa = XCBuildConfiguration;
			buildSettings = {
				ALWAYS_EMBED_SWIFT_STANDARD_LIBRARIES = YES;
				BUNDLE_LOADER = "$(TEST_HOST)";
				CODE_SIGN_STYLE = Automatic;
				CURRENT_PROJECT_VERSION = 1;
				DEVELOPMENT_TEAM = SVNZBC4323;
				GENERATE_INFOPLIST_FILE = YES;
				IPHONEOS_DEPLOYMENT_TARGET = 15.4;
				MARKETING_VERSION = 1.0;
				PRODUCT_BUNDLE_IDENTIFIER = "com.gmail.tusatino.Habit-TrackerTests";
				PRODUCT_NAME = "$(TARGET_NAME)";
				SWIFT_EMIT_LOC_STRINGS = NO;
				SWIFT_VERSION = 5.0;
				TARGETED_DEVICE_FAMILY = "1,2";
				TEST_HOST = "$(BUILT_PRODUCTS_DIR)/Habit Tracker.app/Habit Tracker";
			};
			name = Debug;
		};
		21B62884280AC4BB00E3FC49 /* Release */ = {
			isa = XCBuildConfiguration;
			buildSettings = {
				ALWAYS_EMBED_SWIFT_STANDARD_LIBRARIES = YES;
				BUNDLE_LOADER = "$(TEST_HOST)";
				CODE_SIGN_STYLE = Automatic;
				CURRENT_PROJECT_VERSION = 1;
				DEVELOPMENT_TEAM = SVNZBC4323;
				GENERATE_INFOPLIST_FILE = YES;
				IPHONEOS_DEPLOYMENT_TARGET = 15.4;
				MARKETING_VERSION = 1.0;
				PRODUCT_BUNDLE_IDENTIFIER = "com.gmail.tusatino.Habit-TrackerTests";
				PRODUCT_NAME = "$(TARGET_NAME)";
				SWIFT_EMIT_LOC_STRINGS = NO;
				SWIFT_VERSION = 5.0;
				TARGETED_DEVICE_FAMILY = "1,2";
				TEST_HOST = "$(BUILT_PRODUCTS_DIR)/Habit Tracker.app/Habit Tracker";
			};
			name = Release;
		};
		21B62886280AC4BB00E3FC49 /* Debug */ = {
			isa = XCBuildConfiguration;
			buildSettings = {
				ALWAYS_EMBED_SWIFT_STANDARD_LIBRARIES = YES;
				CODE_SIGN_STYLE = Automatic;
				CURRENT_PROJECT_VERSION = 1;
				DEVELOPMENT_TEAM = SVNZBC4323;
				GENERATE_INFOPLIST_FILE = YES;
				MARKETING_VERSION = 1.0;
				PRODUCT_BUNDLE_IDENTIFIER = "com.gmail.tusatino.Habit-TrackerUITests";
				PRODUCT_NAME = "$(TARGET_NAME)";
				SWIFT_EMIT_LOC_STRINGS = NO;
				SWIFT_VERSION = 5.0;
				TARGETED_DEVICE_FAMILY = "1,2";
				TEST_TARGET_NAME = "Habit Tracker";
			};
			name = Debug;
		};
		21B62887280AC4BB00E3FC49 /* Release */ = {
			isa = XCBuildConfiguration;
			buildSettings = {
				ALWAYS_EMBED_SWIFT_STANDARD_LIBRARIES = YES;
				CODE_SIGN_STYLE = Automatic;
				CURRENT_PROJECT_VERSION = 1;
				DEVELOPMENT_TEAM = SVNZBC4323;
				GENERATE_INFOPLIST_FILE = YES;
				MARKETING_VERSION = 1.0;
				PRODUCT_BUNDLE_IDENTIFIER = "com.gmail.tusatino.Habit-TrackerUITests";
				PRODUCT_NAME = "$(TARGET_NAME)";
				SWIFT_EMIT_LOC_STRINGS = NO;
				SWIFT_VERSION = 5.0;
				TARGETED_DEVICE_FAMILY = "1,2";
				TEST_TARGET_NAME = "Habit Tracker";
			};
			name = Release;
		};
/* End XCBuildConfiguration section */

/* Begin XCConfigurationList section */
		21B62856280AC4B800E3FC49 /* Build configuration list for PBXProject "Habit Tracker" */ = {
			isa = XCConfigurationList;
			buildConfigurations = (
				21B6287D280AC4BB00E3FC49 /* Debug */,
				21A18FD72848CA2A00CC7FDE /* Emulators */,
				21B6287E280AC4BB00E3FC49 /* Release */,
			);
			defaultConfigurationIsVisible = 0;
			defaultConfigurationName = Release;
		};
		21B6287F280AC4BB00E3FC49 /* Build configuration list for PBXNativeTarget "Habit Tracker" */ = {
			isa = XCConfigurationList;
			buildConfigurations = (
				21B62880280AC4BB00E3FC49 /* Debug */,
				21A18FD82848CA2A00CC7FDE /* Emulators */,
				21B62881280AC4BB00E3FC49 /* Release */,
			);
			defaultConfigurationIsVisible = 0;
			defaultConfigurationName = Release;
		};
		21B62882280AC4BB00E3FC49 /* Build configuration list for PBXNativeTarget "Habit TrackerTests" */ = {
			isa = XCConfigurationList;
			buildConfigurations = (
				21B62883280AC4BB00E3FC49 /* Debug */,
				21A18FD92848CA2A00CC7FDE /* Emulators */,
				21B62884280AC4BB00E3FC49 /* Release */,
			);
			defaultConfigurationIsVisible = 0;
			defaultConfigurationName = Release;
		};
		21B62885280AC4BB00E3FC49 /* Build configuration list for PBXNativeTarget "Habit TrackerUITests" */ = {
			isa = XCConfigurationList;
			buildConfigurations = (
				21B62886280AC4BB00E3FC49 /* Debug */,
				21A18FDA2848CA2A00CC7FDE /* Emulators */,
				21B62887280AC4BB00E3FC49 /* Release */,
			);
			defaultConfigurationIsVisible = 0;
			defaultConfigurationName = Release;
		};
/* End XCConfigurationList section */
	};
	rootObject = 21B62853280AC4B800E3FC49 /* Project object */;
}
